<?xml version="1.0" encoding="utf-8"?>
<Project ToolsVersion="4.0" xmlns="http://schemas.microsoft.com/developer/msbuild/2003">
  <ItemGroup>
    <Filter Include="node">
      <UniqueIdentifier>{e8bf234a-c9db-4fb0-a9da-a05f34973f7e}</UniqueIdentifier>
    </Filter>
    <Filter Include="context">
      <UniqueIdentifier>{d7cfd003-1c90-4495-bcee-45ed58070d78}</UniqueIdentifier>
    </Filter>
  </ItemGroup>
  <ItemGroup>
    <ClCompile Include="..\..\..\src\kernel\PH_Node.cpp">
      <Filter>node</Filter>
    </ClCompile>
    <ClCompile Include="..\..\..\src\kernel\PH_ObjectManager.cpp">
      <Filter>node</Filter>
    </ClCompile>
    <ClCompile Include="..\..\..\src\kernel\PH_Context.cpp">
      <Filter>context</Filter>
    </ClCompile>
    <ClCompile Include="..\..\..\src\kernel\PH_ContextCmd.cpp">
      <Filter>context</Filter>
    </ClCompile>
    <ClCompile Include="..\..\..\src\kernel\PH_ContextItem.cpp">
      <Filter>context</Filter>
    </ClCompile>
    <ClCompile Include="..\..\..\src\kernel\PH_ContextVar.cpp">
      <Filter>context</Filter>
    </ClCompile>
    <ClCompile Include="..\..\..\src\kernel\PH_DynamicLibrary.cpp" />
    <ClCompile Include="..\..\..\src\kernel\PH_Exception.cpp" />
    <ClCompile Include="..\..\..\src\kernel\PH_Folders.cpp" />
    <ClCompile Include="..\..\..\src\kernel\PH_Kernel.cpp" />
    <ClCompile Include="..\..\..\src\kernel\PH_Log.cpp" />
    <ClCompile Include="..\..\..\src\kernel\PH_Memory.cpp" />
    <ClCompile Include="..\..\..\src\kernel\PH_Object.cpp" />
    <ClCompile Include="..\..\..\src\kernel\PH_Parser.cpp" />
    <ClCompile Include="..\..\..\src\kernel\PH_Path.cpp" />
    <ClCompile Include="..\..\..\src\kernel\PH_ProcVector.cpp" />
    <ClCompile Include="..\..\..\src\kernel\PH_ResourceManager.cpp" />
    <ClCompile Include="..\..\..\src\kernel\PH_String.cpp" />
  </ItemGroup>
  <ItemGroup>
    <ClInclude Include="..\..\..\include\kernel\PH_Node.h">
      <Filter>node</Filter>
    </ClInclude>
    <ClInclude Include="..\..\..\include\kernel\PH_NodeFwd.h">
      <Filter>node</Filter>
    </ClInclude>
    <ClInclude Include="..\..\..\include\kernel\PH_NodeProperty.h">
      <Filter>node</Filter>
    </ClInclude>
    <ClInclude Include="..\..\..\include\kernel\PH_ObjectManager.h">
      <Filter>node</Filter>
    </ClInclude>
    <ClInclude Include="..\..\..\include\kernel\PH_Context.h">
      <Filter>context</Filter>
    </ClInclude>
    <ClInclude Include="..\..\..\include\kernel\PH_ContextCmd.h">
      <Filter>context</Filter>
    </ClInclude>
    <ClInclude Include="..\..\..\include\kernel\PH_ContextCmdFwd.h">
      <Filter>context</Filter>
    </ClInclude>
    <ClInclude Include="..\..\..\include\kernel\PH_ContextFwd.h">
      <Filter>context</Filter>
    </ClInclude>
    <ClInclude Include="..\..\..\include\kernel\PH_ContextItem.h">
      <Filter>context</Filter>
    </ClInclude>
    <ClInclude Include="..\..\..\include\kernel\PH_ContextUtils.h">
      <Filter>context</Filter>
    </ClInclude>
    <ClInclude Include="..\..\..\include\kernel\PH_ContextVar.h">
      <Filter>context</Filter>
    </ClInclude>
    <ClInclude Include="..\..\..\include\kernel\PH_Defs.h" />
    <ClInclude Include="..\..\..\include\kernel\PH_DisableCopy.h" />
    <ClInclude Include="..\..\..\include\kernel\PH_DynamicLibrary.h" />
    <ClInclude Include="..\..\..\include\kernel\PH_Enum.h" />
    <ClInclude Include="..\..\..\include\kernel\PH_Error.h" />
    <ClInclude Include="..\..\..\include\kernel\PH_Exception.h" />
    <ClInclude Include="..\..\..\include\kernel\PH_Folders.h" />
    <ClInclude Include="..\..\..\include\kernel\PH_GenericFactory.h" />
    <ClInclude Include="..\..\..\include\kernel\PH_IContext.h" />
    <ClInclude Include="..\..\..\include\kernel\PH_InputActions.h" />
    <ClInclude Include="..\..\..\include\kernel\PH_Kernel.h" />
    <ClInclude Include="..\..\..\include\kernel\PH_KernelAPI.h" />
    <ClInclude Include="..\..\..\include\kernel\PH_Listener.h" />
    <ClInclude Include="..\..\..\include\kernel\PH_Log.h" />
    <ClInclude Include="..\..\..\include\kernel\PH_Memory.h" />
    <ClInclude Include="..\..\..\include\kernel\PH_MemoryFunctions.h" />
    <ClInclude Include="..\..\..\include\kernel\PH_Object.h" />
    <ClInclude Include="..\..\..\include\kernel\PH_Parser.h" />
    <ClInclude Include="..\..\..\include\kernel\PH_Path.h" />
    <ClInclude Include="..\..\..\include\kernel\PH_PathFwd.h" />
    <ClInclude Include="..\..\..\include\kernel\PH_ProcVector.h" />
    <ClInclude Include="..\..\..\include\kernel\PH_Resource.h" />
    <ClInclude Include="..\..\..\include\kernel\PH_ResourceManager.h" />
    <ClInclude Include="..\..\..\include\kernel\PH_Singleton.h" />
    <ClInclude Include="..\..\..\include\kernel\PH_String.h" />
    <ClInclude Include="..\..\..\include\kernel\PH_Timer.h" />
    <ClInclude Include="..\..\..\include\kernel\PH_Types.h" />
  </ItemGroup>
</Project>