<?xml version="1.0" encoding="utf-8"?>
<Project ToolsVersion="4.0" xmlns="http://schemas.microsoft.com/developer/msbuild/2003">
  <ItemGroup>
    <Filter Include="context">
      <UniqueIdentifier>{b114a033-37a6-48d7-a6f8-981ed9ea6178}</UniqueIdentifier>
    </Filter>
    <Filter Include="eventManager">
      <UniqueIdentifier>{0e0726e3-bfbc-4db1-869d-c9f577bb8814}</UniqueIdentifier>
    </Filter>
    <Filter Include="object">
      <UniqueIdentifier>{cda23cde-1651-47bb-8bc2-ba0118511c23}</UniqueIdentifier>
    </Filter>
    <Filter Include="window">
      <UniqueIdentifier>{146001c8-ae53-4c29-9a07-8241b132e993}</UniqueIdentifier>
    </Filter>
    <Filter Include="window\w32">
      <UniqueIdentifier>{34584da9-a53b-4eb1-9445-d72eec742028}</UniqueIdentifier>
    </Filter>
  </ItemGroup>
  <ItemGroup>
    <ClCompile Include="..\..\..\src\kernel\PH_Context.cpp">
      <Filter>context</Filter>
    </ClCompile>
    <ClCompile Include="..\..\..\src\kernel\PH_ContextCmd.cpp">
      <Filter>context</Filter>
    </ClCompile>
    <ClCompile Include="..\..\..\src\kernel\PH_ContextItem.cpp">
      <Filter>context</Filter>
    </ClCompile>
    <ClCompile Include="..\..\..\src\kernel\PH_ContextVar.cpp">
      <Filter>context</Filter>
    </ClCompile>
    <ClCompile Include="..\..\..\src\kernel\PH_EventManager.cpp">
      <Filter>eventManager</Filter>
    </ClCompile>
    <ClCompile Include="..\..\..\src\kernel\PH_Object.cpp">
      <Filter>object</Filter>
    </ClCompile>
    <ClCompile Include="..\..\..\src\kernel\PH_ObjectManager.cpp">
      <Filter>object</Filter>
    </ClCompile>
    <ClCompile Include="..\..\..\src\kernel\PH_Window.cpp">
      <Filter>window</Filter>
    </ClCompile>
    <ClCompile Include="..\..\..\src\kernel\W32\PH_EventManagerW32.cpp">
      <Filter>window\w32</Filter>
    </ClCompile>
    <ClCompile Include="..\..\..\src\kernel\W32\PH_WindowW32.cpp">
      <Filter>window\w32</Filter>
    </ClCompile>
    <ClCompile Include="..\..\..\src\kernel\PH_Exception.cpp" />
    <ClCompile Include="..\..\..\src\kernel\PH_Folders.cpp" />
    <ClCompile Include="..\..\..\src\kernel\PH_Kernel.cpp" />
    <ClCompile Include="..\..\..\src\kernel\PH_Log.cpp" />
    <ClCompile Include="..\..\..\src\kernel\PH_Node.cpp" />
    <ClCompile Include="..\..\..\src\kernel\PH_Parser.cpp" />
    <ClCompile Include="..\..\..\src\kernel\PH_Path.cpp" />
    <ClCompile Include="..\..\..\src\kernel\PH_RefCounter.cpp" />
    <ClCompile Include="..\..\..\src\kernel\PH_String.cpp" />
  </ItemGroup>
  <ItemGroup>
    <ClInclude Include="..\..\..\include\kernel\PH_Context.h">
      <Filter>context</Filter>
    </ClInclude>
    <ClInclude Include="..\..\..\include\kernel\PH_ContextCmd.h">
      <Filter>context</Filter>
    </ClInclude>
    <ClInclude Include="..\..\..\include\kernel\PH_ContextItem.h">
      <Filter>context</Filter>
    </ClInclude>
    <ClInclude Include="..\..\..\include\kernel\PH_ContextUtils.h">
      <Filter>context</Filter>
    </ClInclude>
    <ClInclude Include="..\..\..\include\kernel\PH_ContextVar.h">
      <Filter>context</Filter>
    </ClInclude>
    <ClInclude Include="..\..\..\include\kernel\PH_EventListener.h">
      <Filter>eventManager</Filter>
    </ClInclude>
    <ClInclude Include="..\..\..\include\kernel\PH_EventListenerFwd.h">
      <Filter>eventManager</Filter>
    </ClInclude>
    <ClInclude Include="..\..\..\include\kernel\PH_EventManager.h">
      <Filter>eventManager</Filter>
    </ClInclude>
    <ClInclude Include="..\..\..\include\kernel\PH_EventManagerFwd.h">
      <Filter>eventManager</Filter>
    </ClInclude>
    <ClInclude Include="..\..\..\include\kernel\PH_Object.h">
      <Filter>object</Filter>
    </ClInclude>
    <ClInclude Include="..\..\..\include\kernel\PH_ObjectManager.h">
      <Filter>object</Filter>
    </ClInclude>
    <ClInclude Include="..\..\..\include\kernel\PH_Window.h">
      <Filter>window</Filter>
    </ClInclude>
    <ClInclude Include="..\..\..\include\kernel\W32\PH_EventManagerW32.h">
      <Filter>window\w32</Filter>
    </ClInclude>
    <ClInclude Include="..\..\..\include\kernel\W32\PH_WindowW32.h">
      <Filter>window\w32</Filter>
    </ClInclude>
    <ClInclude Include="..\..\..\include\kernel\PH_Defs.h" />
    <ClInclude Include="..\..\..\include\kernel\PH_Error.h" />
    <ClInclude Include="..\..\..\include\kernel\PH_Exception.h" />
    <ClInclude Include="..\..\..\include\kernel\PH_Folders.h" />
    <ClInclude Include="..\..\..\include\kernel\PH_InputDefs.h" />
    <ClInclude Include="..\..\..\include\kernel\PH_Kernel.h" />
    <ClInclude Include="..\..\..\include\kernel\PH_KernelAPI.h" />
    <ClInclude Include="..\..\..\include\kernel\PH_Log.h" />
    <ClInclude Include="..\..\..\include\kernel\PH_MemoryFunctions.h" />
    <ClInclude Include="..\..\..\include\kernel\PH_Node.h" />
    <ClInclude Include="..\..\..\include\kernel\PH_NodeFwd.h" />
    <ClInclude Include="..\..\..\include\kernel\PH_Parser.h" />
    <ClInclude Include="..\..\..\include\kernel\PH_Path.h" />
    <ClInclude Include="..\..\..\include\kernel\PH_PathFwd.h" />
    <ClInclude Include="..\..\..\include\kernel\PH_RefCounter.h" />
    <ClInclude Include="..\..\..\include\kernel\PH_RefCounterFwd.h" />
    <ClInclude Include="..\..\..\include\kernel\PH_String.h" />
    <ClInclude Include="..\..\..\include\kernel\PH_Types.h" />
  </ItemGroup>
</Project>