<?xml version="1.0" encoding="UTF-8" standalone="yes" ?>
<CodeBlocks_project_file>
	<FileVersion major="1" minor="6" />
	<Project>
		<Option title="kernel" />
		<Option pch_mode="2" />
		<Option compiler="gcc" />
		<Build>
			<Target title="Debug">
				<Option output="bin/Debug/kernel" prefix_auto="1" extension_auto="1" />
				<Option object_output="obj/Debug/" />
				<Option type="1" />
				<Option compiler="gcc" />
				<Compiler>
					<Add option="-g" />
				</Compiler>
			</Target>
			<Target title="Release">
				<Option output="bin/Release/kernel" prefix_auto="1" extension_auto="1" />
				<Option object_output="obj/Release/" />
				<Option type="1" />
				<Option compiler="gcc" />
				<Compiler>
					<Add option="-O2" />
				</Compiler>
				<Linker>
					<Add option="-s" />
				</Linker>
			</Target>
		</Build>
		<Compiler>
			<Add option="-Wall" />
			<Add option="-DPH_LINUX" />
			<Add option="-DPH_DEBUG" />
			<Add option="-DPH_CHECK_ASSERT" />
			<Add option="-DPH_GCC" />
			<Add directory="../../../include/kernel" />
		</Compiler>
		<Unit filename="../../../include/kernel/PH_Context.h" />
		<Unit filename="../../../include/kernel/PH_ContextCmd.h" />
		<Unit filename="../../../include/kernel/PH_ContextItem.h" />
		<Unit filename="../../../include/kernel/PH_ContextUtils.h" />
		<Unit filename="../../../include/kernel/PH_ContextVar.h" />
		<Unit filename="../../../include/kernel/PH_Defs.h" />
		<Unit filename="../../../include/kernel/PH_DynamicLibrary.h" />
		<Unit filename="../../../include/kernel/PH_Enum.h" />
		<Unit filename="../../../include/kernel/PH_Error.h" />
		<Unit filename="../../../include/kernel/PH_EventListener.h" />
		<Unit filename="../../../include/kernel/PH_EventListenerFwd.h" />
		<Unit filename="../../../include/kernel/PH_EventManager.h" />
		<Unit filename="../../../include/kernel/PH_EventManagerFwd.h" />
		<Unit filename="../../../include/kernel/PH_Exception.h" />
		<Unit filename="../../../include/kernel/PH_Folders.h" />
		<Unit filename="../../../include/kernel/PH_GenericFactory.h" />
		<Unit filename="../../../include/kernel/PH_IContext.h" />
		<Unit filename="../../../include/kernel/PH_InputActions.h" />
		<Unit filename="../../../include/kernel/PH_Kernel.h" />
		<Unit filename="../../../include/kernel/PH_KernelAPI.h" />
		<Unit filename="../../../include/kernel/PH_Listener.h" />
		<Unit filename="../../../include/kernel/PH_Log.h" />
		<Unit filename="../../../include/kernel/PH_MemoryFunctions.h" />
		<Unit filename="../../../include/kernel/PH_Node.h" />
		<Unit filename="../../../include/kernel/PH_NodeFwd.h" />
		<Unit filename="../../../include/kernel/PH_Object.h" />
		<Unit filename="../../../include/kernel/PH_ObjectManager.h" />
		<Unit filename="../../../include/kernel/PH_Parser.h" />
		<Unit filename="../../../include/kernel/PH_Path.h" />
		<Unit filename="../../../include/kernel/PH_PathFwd.h" />
		<Unit filename="../../../include/kernel/PH_ProcVector.h" />
		<Unit filename="../../../include/kernel/PH_RefCounter.h" />
		<Unit filename="../../../include/kernel/PH_RefCounterFwd.h" />
		<Unit filename="../../../include/kernel/PH_Singleton.h" />
		<Unit filename="../../../include/kernel/PH_String.h" />
		<Unit filename="../../../include/kernel/PH_Types.h" />
		<Unit filename="../../../include/kernel/PH_Window.h" />
		<Unit filename="../../../include/kernel/SDL/PH_EventManagerSDL.h" />
		<Unit filename="../../../include/kernel/SDL/PH_WindowSDL.h" />
		<Unit filename="../../../include/kernel/W32/PH_EventManagerW32.h" />
		<Unit filename="../../../include/kernel/W32/PH_WindowW32.h" />
		<Unit filename="../../../src/kernel/PH_Context.cpp" />
		<Unit filename="../../../src/kernel/PH_ContextCmd.cpp" />
		<Unit filename="../../../src/kernel/PH_ContextItem.cpp" />
		<Unit filename="../../../src/kernel/PH_ContextVar.cpp" />
		<Unit filename="../../../src/kernel/PH_DynamicLibrary.cpp" />
		<Unit filename="../../../src/kernel/PH_EventManager.cpp" />
		<Unit filename="../../../src/kernel/PH_Exception.cpp" />
		<Unit filename="../../../src/kernel/PH_Folders.cpp" />
		<Unit filename="../../../src/kernel/PH_Kernel.cpp" />
		<Unit filename="../../../src/kernel/PH_Log.cpp" />
		<Unit filename="../../../src/kernel/PH_Node.cpp" />
		<Unit filename="../../../src/kernel/PH_Object.cpp" />
		<Unit filename="../../../src/kernel/PH_ObjectManager.cpp" />
		<Unit filename="../../../src/kernel/PH_Parser.cpp" />
		<Unit filename="../../../src/kernel/PH_Path.cpp" />
		<Unit filename="../../../src/kernel/PH_RefCounter.cpp" />
		<Unit filename="../../../src/kernel/PH_String.cpp" />
		<Unit filename="../../../src/kernel/PH_Window.cpp" />
		<Unit filename="../../../src/kernel/ProcVector.cpp" />
		<Unit filename="../../../src/kernel/SDL/PH_EventManagerSDL.cpp" />
		<Unit filename="../../../src/kernel/SDL/PH_WindowSDL.cpp" />
		<Unit filename="../../../src/kernel/W32/PH_EventManagerW32.cpp" />
		<Unit filename="../../../src/kernel/W32/PH_WindowW32.cpp" />
		<Extensions>
			<envvars />
			<code_completion />
			<debugger />
			<lib_finder disable_auto="1" />
		</Extensions>
	</Project>
</CodeBlocks_project_file>
