<?xml version="1.0" encoding="utf-8"?>
<Project ToolsVersion="4.0" xmlns="http://schemas.microsoft.com/developer/msbuild/2003">
  <ItemGroup>
    <Filter Include="SDL">
      <UniqueIdentifier>{25197b65-d48d-4aa6-a229-25033c3fa395}</UniqueIdentifier>
    </Filter>
  </ItemGroup>
  <ItemGroup>
    <ClCompile Include="..\..\..\src\input\SDL\PH_InputManagerSDL.cpp">
      <Filter>SDL</Filter>
    </ClCompile>
    <ClCompile Include="..\..\..\src\input\SDL\PH_KeyboardInputDeviceSDL.cpp">
      <Filter>SDL</Filter>
    </ClCompile>
    <ClCompile Include="..\..\..\src\input\SDL\PH_MouseInputDeviceSDL.cpp">
      <Filter>SDL</Filter>
    </ClCompile>
    <ClCompile Include="..\..\..\src\input\PH_AxisButton.cpp" />
    <ClCompile Include="..\..\..\src\input\PH_Button.cpp" />
    <ClCompile Include="..\..\..\src\input\PH_InputDevice.cpp" />
    <ClCompile Include="..\..\..\src\input\PH_InputManager.cpp" />
    <ClCompile Include="..\..\..\src\input\PH_InputMapper.cpp" />
    <ClCompile Include="..\..\..\src\input\PH_KeyboardInputDevice.cpp" />
    <ClCompile Include="..\..\..\src\input\PH_MouseInputDevice.cpp" />
    <ClCompile Include="..\..\..\src\input\PH_Thumb.cpp" />
  </ItemGroup>
  <ItemGroup>
    <ClInclude Include="..\..\..\include\input\SDL\PH_InputManagerSDL.h">
      <Filter>SDL</Filter>
    </ClInclude>
    <ClInclude Include="..\..\..\include\input\SDL\PH_KeyboardInputDeviceSDL.h">
      <Filter>SDL</Filter>
    </ClInclude>
    <ClInclude Include="..\..\..\include\input\SDL\PH_MouseInputDeviceSDL.h">
      <Filter>SDL</Filter>
    </ClInclude>
    <ClInclude Include="..\..\..\include\input\PH_AxisButton.h" />
    <ClInclude Include="..\..\..\include\input\PH_Button.h" />
    <ClInclude Include="..\..\..\include\input\PH_InputAPI.h" />
    <ClInclude Include="..\..\..\include\input\PH_InputDefs.h" />
    <ClInclude Include="..\..\..\include\input\PH_InputDevice.h" />
    <ClInclude Include="..\..\..\include\input\PH_InputDeviceFwd.h" />
    <ClInclude Include="..\..\..\include\input\PH_InputDeviceListener.h" />
    <ClInclude Include="..\..\..\include\input\PH_InputEvent.h" />
    <ClInclude Include="..\..\..\include\input\PH_InputManager.h" />
    <ClInclude Include="..\..\..\include\input\PH_InputMapper.h" />
    <ClInclude Include="..\..\..\include\input\PH_KeyboardInputDevice.h" />
    <ClInclude Include="..\..\..\include\input\PH_MouseInputDevice.h" />
    <ClInclude Include="..\..\..\include\input\PH_Thumb.h" />
  </ItemGroup>
</Project>