<?xml version="1.0" encoding="utf-8"?>
<Project ToolsVersion="4.0" xmlns="http://schemas.microsoft.com/developer/msbuild/2003">
  <ItemGroup>
    <Filter Include="Math">
      <UniqueIdentifier>{85e9aea6-0090-41b9-8728-d807722752ab}</UniqueIdentifier>
    </Filter>
    <Filter Include="Gui">
      <UniqueIdentifier>{94d154bf-7d28-406e-87d2-9d0eb23f9436}</UniqueIdentifier>
    </Filter>
  </ItemGroup>
  <ItemGroup>
    <ClInclude Include="..\..\..\include\engineCore\Math\PH_Functions.h">
      <Filter>Math</Filter>
    </ClInclude>
    <ClInclude Include="..\..\..\include\engineCore\Gui\PH_Context.h">
      <Filter>Gui</Filter>
    </ClInclude>
    <ClInclude Include="..\..\..\include\engineCore\Gui\PH_Form.h">
      <Filter>Gui</Filter>
    </ClInclude>
    <ClInclude Include="..\..\..\include\engineCore\Gui\PH_Manager.h">
      <Filter>Gui</Filter>
    </ClInclude>
    <ClInclude Include="..\..\..\include\engineCore\PH_BootModule.h" />
    <ClInclude Include="..\..\..\include\engineCore\PH_Console.h" />
    <ClInclude Include="..\..\..\include\engineCore\PH_Core.h" />
    <ClInclude Include="..\..\..\include\engineCore\PH_CoreModule.h" />
    <ClInclude Include="..\..\..\include\engineCore\PH_CoreModuleFwd.h" />
    <ClInclude Include="..\..\..\include\engineCore\PH_CoreModuleManager.h" />
    <ClInclude Include="..\..\..\include\engineCore\PH_CoreTimer.h" />
    <ClInclude Include="..\..\..\include\engineCore\PH_EngineCoreAPI.h" />
    <ClInclude Include="..\..\..\include\engineCore\PH_EventManagerModule.h" />
    <ClInclude Include="..\..\..\include\engineCore\PH_IClient.h" />
    <ClInclude Include="..\..\..\include\engineCore\PH_IEscHandler.h" />
    <ClInclude Include="..\..\..\include\engineCore\PH_IInputHandler.h" />
    <ClInclude Include="..\..\..\include\engineCore\PH_IPlayerCommandProducer.h" />
    <ClInclude Include="..\..\..\include\engineCore\PH_Plugin.h" />
    <ClInclude Include="..\..\..\include\engineCore\PH_PluginManager.h" />
    <ClInclude Include="..\..\..\include\engineCore\PH_Session.h" />
    <ClInclude Include="..\..\..\include\engineCore\PH_TransformProperty.h" />
    <ClInclude Include="..\..\..\include\engineCore\PH_TransformPropertyFwd.h" />
  </ItemGroup>
  <ItemGroup>
    <ClCompile Include="..\..\..\src\engineCore\Gui\PH_Context.cpp">
      <Filter>Gui</Filter>
    </ClCompile>
    <ClCompile Include="..\..\..\src\engineCore\Gui\PH_Manager.cpp">
      <Filter>Gui</Filter>
    </ClCompile>
    <ClCompile Include="..\..\..\src\engineCore\PH_BootModule.cpp" />
    <ClCompile Include="..\..\..\src\engineCore\PH_Console.cpp" />
    <ClCompile Include="..\..\..\src\engineCore\PH_Core.cpp" />
    <ClCompile Include="..\..\..\src\engineCore\PH_CoreModule.cpp" />
    <ClCompile Include="..\..\..\src\engineCore\PH_CoreModuleManager.cpp" />
    <ClCompile Include="..\..\..\src\engineCore\PH_EventManagerModule.cpp" />
    <ClCompile Include="..\..\..\src\engineCore\PH_Plugin.cpp" />
    <ClCompile Include="..\..\..\src\engineCore\PH_PluginManager.cpp" />
    <ClCompile Include="..\..\..\src\engineCore\PH_Session.cpp" />
  </ItemGroup>
</Project>