<?xml version="1.0" encoding="UTF-8" standalone="yes" ?>
<CodeBlocks_project_file>
	<FileVersion major="1" minor="6" />
	<Project>
		<Option title="KernelTest" />
		<Option pch_mode="2" />
		<Option compiler="gcc" />
		<Build>
			<Target title="Debug">
				<Option output="bin/Debug/KernelTest" prefix_auto="1" extension_auto="1" />
				<Option object_output="obj/Debug/" />
				<Option type="1" />
				<Option compiler="gcc" />
				<Option projectCompilerOptionsRelation="0" />
				<Option projectLinkerOptionsRelation="0" />
				<Option projectIncludeDirsRelation="0" />
				<Compiler>
					<Add option="-g" />
				</Compiler>
			</Target>
			<Target title="Release">
				<Option output="bin/Release/KernelTest" prefix_auto="1" extension_auto="1" />
				<Option object_output="obj/Release/" />
				<Option type="1" />
				<Option compiler="gcc" />
				<Option projectCompilerOptionsRelation="0" />
				<Option projectLinkerOptionsRelation="0" />
				<Option projectIncludeDirsRelation="0" />
				<Compiler>
					<Add option="-O2" />
				</Compiler>
				<Linker>
					<Add option="-s" />
				</Linker>
			</Target>
		</Build>
		<Compiler>
			<Add option="-Wall" />
			<Add option="-DPH_LINUX" />
			<Add option="-DPH_GCC" />
			<Add option="-DPH_DEBUG" />
			<Add option="-DPH_CHECK_ASSERT" />
			<Add option="-DBOOST_TEST_DYN_LINK" />
			<Add directory="../../../include/kernel" />
			<Add directory="../../../include/kernelTest" />
		</Compiler>
		<Linker>
			<Add library="../kernel/bin/Debug/kernel.so" />
			<Add library="/usr/lib/libboost_filesystem.so" />
			<Add library="/usr/lib/libboost_system.so" />
			<Add library="/usr/lib/libboost_unit_test_framework.so" />
		</Linker>
		<Unit filename="../../../include/kernelTest/SimpleLogListener.h" />
		<Unit filename="../../../src/kernelTest/ContextCmdTest.cpp" />
		<Unit filename="../../../src/kernelTest/ContextItemTest.cpp" />
		<Unit filename="../../../src/kernelTest/ContextTest.cpp" />
		<Unit filename="../../../src/kernelTest/ContextVarTest.cpp" />
		<Unit filename="../../../src/kernelTest/EventManagerTest.cpp" />
		<Unit filename="../../../src/kernelTest/KernelTest.cpp" />
		<Unit filename="../../../src/kernelTest/LogTest.cpp" />
		<Unit filename="../../../src/kernelTest/NodeTest.cpp" />
		<Unit filename="../../../src/kernelTest/ObjectManagerTest.cpp" />
		<Unit filename="../../../src/kernelTest/ParserTest.cpp" />
		<Unit filename="../../../src/kernelTest/PathTest.cpp" />
		<Unit filename="../../../src/kernelTest/StringTest.cpp" />
		<Unit filename="../../../src/kernelTest/StringTest.h" />
		<Unit filename="../../../src/kernelTest/main.cpp" />
		<Extensions>
			<envvars />
			<code_completion />
			<debugger />
			<lib_finder disable_auto="1" />
		</Extensions>
	</Project>
</CodeBlocks_project_file>
