
Microsoft Visual Studio Solution File, Format Version 10.00
# Visual C++ Express 2008
Project("{8BC9CEB8-8B4A-11D0-8D11-00A0C91BC942}") = "PH_Kernel", "PH_Kernel\PH_Kernel.vcproj", "{AA5050BA-66D0-497C-A832-246803410108}"
EndProject
Project("{8BC9CEB8-8B4A-11D0-8D11-00A0C91BC942}") = "PH_Input", "PH_Input\PH_Input.vcproj", "{736EE093-359C-4016-86E4-EBBB82951A3B}"
	ProjectSection(ProjectDependencies) = postProject
		{AA5050BA-66D0-497C-A832-246803410108} = {AA5050BA-66D0-497C-A832-246803410108}
	EndProjectSection
EndProject
Project("{8BC9CEB8-8B4A-11D0-8D11-00A0C91BC942}") = "Sample_01", "Sample_01\Sample_01.vcproj", "{C1D07CB7-99DF-484A-A97E-496ADD9CDEF1}"
	ProjectSection(ProjectDependencies) = postProject
		{AA5050BA-66D0-497C-A832-246803410108} = {AA5050BA-66D0-497C-A832-246803410108}
	EndProjectSection
EndProject
Project("{8BC9CEB8-8B4A-11D0-8D11-00A0C91BC942}") = "Sample_02", "Sample_02\Sample_02.vcproj", "{155BFC5E-9A22-4DC4-9AB9-77F738E6D648}"
	ProjectSection(ProjectDependencies) = postProject
		{736EE093-359C-4016-86E4-EBBB82951A3B} = {736EE093-359C-4016-86E4-EBBB82951A3B}
		{AA5050BA-66D0-497C-A832-246803410108} = {AA5050BA-66D0-497C-A832-246803410108}
	EndProjectSection
EndProject
Project("{8BC9CEB8-8B4A-11D0-8D11-00A0C91BC942}") = "PH_EngineCore", "PH_EngineCore\PH_EngineCore.vcproj", "{D4333B77-E967-4C0F-90A4-BB7F51F6311E}"
	ProjectSection(ProjectDependencies) = postProject
		{81AE5171-5ABB-4CF2-AE62-28803837188B} = {81AE5171-5ABB-4CF2-AE62-28803837188B}
		{736EE093-359C-4016-86E4-EBBB82951A3B} = {736EE093-359C-4016-86E4-EBBB82951A3B}
		{AA5050BA-66D0-497C-A832-246803410108} = {AA5050BA-66D0-497C-A832-246803410108}
	EndProjectSection
EndProject
Project("{8BC9CEB8-8B4A-11D0-8D11-00A0C91BC942}") = "PH_Dictionary", "PH_Dictionary\PH_Dictionary.vcproj", "{81AE5171-5ABB-4CF2-AE62-28803837188B}"
	ProjectSection(ProjectDependencies) = postProject
		{AA5050BA-66D0-497C-A832-246803410108} = {AA5050BA-66D0-497C-A832-246803410108}
	EndProjectSection
EndProject
Project("{8BC9CEB8-8B4A-11D0-8D11-00A0C91BC942}") = "Sample_03", "Sample_03\Sample_03.vcproj", "{8F50DDCE-FF57-475A-BE63-67AF334255E0}"
	ProjectSection(ProjectDependencies) = postProject
		{736EE093-359C-4016-86E4-EBBB82951A3B} = {736EE093-359C-4016-86E4-EBBB82951A3B}
		{AA5050BA-66D0-497C-A832-246803410108} = {AA5050BA-66D0-497C-A832-246803410108}
	EndProjectSection
EndProject
Project("{8BC9CEB8-8B4A-11D0-8D11-00A0C91BC942}") = "Sample_04", "Sample_04\Sample_04.vcproj", "{E7C22B2A-4A52-4C7A-8087-C2AFC561C1EB}"
	ProjectSection(ProjectDependencies) = postProject
		{736EE093-359C-4016-86E4-EBBB82951A3B} = {736EE093-359C-4016-86E4-EBBB82951A3B}
		{AA5050BA-66D0-497C-A832-246803410108} = {AA5050BA-66D0-497C-A832-246803410108}
	EndProjectSection
EndProject
Project("{8BC9CEB8-8B4A-11D0-8D11-00A0C91BC942}") = "PH_EngineMain", "PH_EngineMain\PH_EngineMain.vcproj", "{1E61C529-FEC4-4680-B2BE-8E29FC9DF496}"
	ProjectSection(ProjectDependencies) = postProject
		{81AE5171-5ABB-4CF2-AE62-28803837188B} = {81AE5171-5ABB-4CF2-AE62-28803837188B}
		{D4333B77-E967-4C0F-90A4-BB7F51F6311E} = {D4333B77-E967-4C0F-90A4-BB7F51F6311E}
		{BA4D7F77-9968-4C99-8A83-2C1B68720A93} = {BA4D7F77-9968-4C99-8A83-2C1B68720A93}
		{38679578-6B2C-4801-BD91-11BF34EC697B} = {38679578-6B2C-4801-BD91-11BF34EC697B}
		{736EE093-359C-4016-86E4-EBBB82951A3B} = {736EE093-359C-4016-86E4-EBBB82951A3B}
		{AA5050BA-66D0-497C-A832-246803410108} = {AA5050BA-66D0-497C-A832-246803410108}
	EndProjectSection
EndProject
Project("{8BC9CEB8-8B4A-11D0-8D11-00A0C91BC942}") = "PH_GameEngine", "PH_GameEngine\PH_GameEngine.vcproj", "{BA4D7F77-9968-4C99-8A83-2C1B68720A93}"
	ProjectSection(ProjectDependencies) = postProject
		{81AE5171-5ABB-4CF2-AE62-28803837188B} = {81AE5171-5ABB-4CF2-AE62-28803837188B}
		{D4333B77-E967-4C0F-90A4-BB7F51F6311E} = {D4333B77-E967-4C0F-90A4-BB7F51F6311E}
		{38679578-6B2C-4801-BD91-11BF34EC697B} = {38679578-6B2C-4801-BD91-11BF34EC697B}
		{736EE093-359C-4016-86E4-EBBB82951A3B} = {736EE093-359C-4016-86E4-EBBB82951A3B}
		{AA5050BA-66D0-497C-A832-246803410108} = {AA5050BA-66D0-497C-A832-246803410108}
	EndProjectSection
EndProject
Project("{8BC9CEB8-8B4A-11D0-8D11-00A0C91BC942}") = "PH_GamePlugin", "PH_GamePlugin\PH_GamePlugin.vcproj", "{0E8C1152-D14C-4A78-B076-7F9C86568D15}"
EndProject
Project("{8BC9CEB8-8B4A-11D0-8D11-00A0C91BC942}") = "PH_MapViewer", "PH_MapViewer\PH_MapViewer.vcproj", "{80AF7AEE-A9E3-4CD8-87D4-9B8A040A4EEC}"
	ProjectSection(ProjectDependencies) = postProject
		{0E8C1152-D14C-4A78-B076-7F9C86568D15} = {0E8C1152-D14C-4A78-B076-7F9C86568D15}
		{D4333B77-E967-4C0F-90A4-BB7F51F6311E} = {D4333B77-E967-4C0F-90A4-BB7F51F6311E}
		{BA4D7F77-9968-4C99-8A83-2C1B68720A93} = {BA4D7F77-9968-4C99-8A83-2C1B68720A93}
		{38679578-6B2C-4801-BD91-11BF34EC697B} = {38679578-6B2C-4801-BD91-11BF34EC697B}
		{736EE093-359C-4016-86E4-EBBB82951A3B} = {736EE093-359C-4016-86E4-EBBB82951A3B}
		{AA5050BA-66D0-497C-A832-246803410108} = {AA5050BA-66D0-497C-A832-246803410108}
	EndProjectSection
EndProject
Project("{8BC9CEB8-8B4A-11D0-8D11-00A0C91BC942}") = "UT_GameEngine", "UT_GameEngine\UT_GameEngine.vcproj", "{8FF0F511-0DA3-42B3-B2E2-24EB016C14F3}"
	ProjectSection(ProjectDependencies) = postProject
		{AA5050BA-66D0-497C-A832-246803410108} = {AA5050BA-66D0-497C-A832-246803410108}
	EndProjectSection
EndProject
Project("{8BC9CEB8-8B4A-11D0-8D11-00A0C91BC942}") = "UT_EngineCore", "UT_EngineCore\UT_EngineCore.vcproj", "{7BE29240-A5DB-4539-B53C-13C5B95BD04E}"
	ProjectSection(ProjectDependencies) = postProject
		{D4333B77-E967-4C0F-90A4-BB7F51F6311E} = {D4333B77-E967-4C0F-90A4-BB7F51F6311E}
		{AA5050BA-66D0-497C-A832-246803410108} = {AA5050BA-66D0-497C-A832-246803410108}
	EndProjectSection
EndProject
Project("{8BC9CEB8-8B4A-11D0-8D11-00A0C91BC942}") = "PH_OgreEngineCore", "PH_OgreEngineCore\PH_OgreEngineCore.vcproj", "{38679578-6B2C-4801-BD91-11BF34EC697B}"
	ProjectSection(ProjectDependencies) = postProject
		{81AE5171-5ABB-4CF2-AE62-28803837188B} = {81AE5171-5ABB-4CF2-AE62-28803837188B}
		{D4333B77-E967-4C0F-90A4-BB7F51F6311E} = {D4333B77-E967-4C0F-90A4-BB7F51F6311E}
		{736EE093-359C-4016-86E4-EBBB82951A3B} = {736EE093-359C-4016-86E4-EBBB82951A3B}
		{AA5050BA-66D0-497C-A832-246803410108} = {AA5050BA-66D0-497C-A832-246803410108}
	EndProjectSection
EndProject
Project("{8BC9CEB8-8B4A-11D0-8D11-00A0C91BC942}") = "Sample_05", "Sample_05\Sample_05.vcproj", "{913295D0-E6F6-4805-A79D-9947C9A61427}"
	ProjectSection(ProjectDependencies) = postProject
		{D4333B77-E967-4C0F-90A4-BB7F51F6311E} = {D4333B77-E967-4C0F-90A4-BB7F51F6311E}
		{736EE093-359C-4016-86E4-EBBB82951A3B} = {736EE093-359C-4016-86E4-EBBB82951A3B}
		{AA5050BA-66D0-497C-A832-246803410108} = {AA5050BA-66D0-497C-A832-246803410108}
	EndProjectSection
EndProject
Project("{8BC9CEB8-8B4A-11D0-8D11-00A0C91BC942}") = "PH_KernelTest", "PH_KernelTest\PH_KernelTest.vcproj", "{54A50DCA-62F7-4A8F-944F-43D894165BEB}"
	ProjectSection(ProjectDependencies) = postProject
		{AA5050BA-66D0-497C-A832-246803410108} = {AA5050BA-66D0-497C-A832-246803410108}
	EndProjectSection
EndProject
Project("{8BC9CEB8-8B4A-11D0-8D11-00A0C91BC942}") = "PH_DictionaryTest", "PH_DictionaryTest\PH_DictionaryTest.vcproj", "{EA5E47DB-5F79-4C4B-89FE-DDCB64178087}"
	ProjectSection(ProjectDependencies) = postProject
		{81AE5171-5ABB-4CF2-AE62-28803837188B} = {81AE5171-5ABB-4CF2-AE62-28803837188B}
		{AA5050BA-66D0-497C-A832-246803410108} = {AA5050BA-66D0-497C-A832-246803410108}
	EndProjectSection
EndProject
Global
	GlobalSection(SolutionConfigurationPlatforms) = preSolution
		Debug_rel|Win32 = Debug_rel|Win32
		Debug|Win32 = Debug|Win32
		Release|Win32 = Release|Win32
	EndGlobalSection
	GlobalSection(ProjectConfigurationPlatforms) = postSolution
		{AA5050BA-66D0-497C-A832-246803410108}.Debug_rel|Win32.ActiveCfg = Debug_rel|Win32
		{AA5050BA-66D0-497C-A832-246803410108}.Debug_rel|Win32.Build.0 = Debug_rel|Win32
		{AA5050BA-66D0-497C-A832-246803410108}.Debug|Win32.ActiveCfg = Debug|Win32
		{AA5050BA-66D0-497C-A832-246803410108}.Debug|Win32.Build.0 = Debug|Win32
		{AA5050BA-66D0-497C-A832-246803410108}.Release|Win32.ActiveCfg = Release|Win32
		{AA5050BA-66D0-497C-A832-246803410108}.Release|Win32.Build.0 = Release|Win32
		{736EE093-359C-4016-86E4-EBBB82951A3B}.Debug_rel|Win32.ActiveCfg = Debug_rel|Win32
		{736EE093-359C-4016-86E4-EBBB82951A3B}.Debug_rel|Win32.Build.0 = Debug_rel|Win32
		{736EE093-359C-4016-86E4-EBBB82951A3B}.Debug|Win32.ActiveCfg = Debug|Win32
		{736EE093-359C-4016-86E4-EBBB82951A3B}.Debug|Win32.Build.0 = Debug|Win32
		{736EE093-359C-4016-86E4-EBBB82951A3B}.Release|Win32.ActiveCfg = Release|Win32
		{736EE093-359C-4016-86E4-EBBB82951A3B}.Release|Win32.Build.0 = Release|Win32
		{C1D07CB7-99DF-484A-A97E-496ADD9CDEF1}.Debug_rel|Win32.ActiveCfg = Debug_rel|Win32
		{C1D07CB7-99DF-484A-A97E-496ADD9CDEF1}.Debug_rel|Win32.Build.0 = Debug_rel|Win32
		{C1D07CB7-99DF-484A-A97E-496ADD9CDEF1}.Debug|Win32.ActiveCfg = Debug|Win32
		{C1D07CB7-99DF-484A-A97E-496ADD9CDEF1}.Debug|Win32.Build.0 = Debug|Win32
		{C1D07CB7-99DF-484A-A97E-496ADD9CDEF1}.Release|Win32.ActiveCfg = Release|Win32
		{C1D07CB7-99DF-484A-A97E-496ADD9CDEF1}.Release|Win32.Build.0 = Release|Win32
		{155BFC5E-9A22-4DC4-9AB9-77F738E6D648}.Debug_rel|Win32.ActiveCfg = Debug_rel|Win32
		{155BFC5E-9A22-4DC4-9AB9-77F738E6D648}.Debug_rel|Win32.Build.0 = Debug_rel|Win32
		{155BFC5E-9A22-4DC4-9AB9-77F738E6D648}.Debug|Win32.ActiveCfg = Debug|Win32
		{155BFC5E-9A22-4DC4-9AB9-77F738E6D648}.Debug|Win32.Build.0 = Debug|Win32
		{155BFC5E-9A22-4DC4-9AB9-77F738E6D648}.Release|Win32.ActiveCfg = Release|Win32
		{155BFC5E-9A22-4DC4-9AB9-77F738E6D648}.Release|Win32.Build.0 = Release|Win32
		{D4333B77-E967-4C0F-90A4-BB7F51F6311E}.Debug_rel|Win32.ActiveCfg = Debug_rel|Win32
		{D4333B77-E967-4C0F-90A4-BB7F51F6311E}.Debug_rel|Win32.Build.0 = Debug_rel|Win32
		{D4333B77-E967-4C0F-90A4-BB7F51F6311E}.Debug|Win32.ActiveCfg = Debug|Win32
		{D4333B77-E967-4C0F-90A4-BB7F51F6311E}.Debug|Win32.Build.0 = Debug|Win32
		{D4333B77-E967-4C0F-90A4-BB7F51F6311E}.Release|Win32.ActiveCfg = Release|Win32
		{D4333B77-E967-4C0F-90A4-BB7F51F6311E}.Release|Win32.Build.0 = Release|Win32
		{81AE5171-5ABB-4CF2-AE62-28803837188B}.Debug_rel|Win32.ActiveCfg = Debug_rel|Win32
		{81AE5171-5ABB-4CF2-AE62-28803837188B}.Debug_rel|Win32.Build.0 = Debug_rel|Win32
		{81AE5171-5ABB-4CF2-AE62-28803837188B}.Debug|Win32.ActiveCfg = Debug|Win32
		{81AE5171-5ABB-4CF2-AE62-28803837188B}.Debug|Win32.Build.0 = Debug|Win32
		{81AE5171-5ABB-4CF2-AE62-28803837188B}.Release|Win32.ActiveCfg = Release|Win32
		{81AE5171-5ABB-4CF2-AE62-28803837188B}.Release|Win32.Build.0 = Release|Win32
		{8F50DDCE-FF57-475A-BE63-67AF334255E0}.Debug_rel|Win32.ActiveCfg = Debug_rel|Win32
		{8F50DDCE-FF57-475A-BE63-67AF334255E0}.Debug_rel|Win32.Build.0 = Debug_rel|Win32
		{8F50DDCE-FF57-475A-BE63-67AF334255E0}.Debug|Win32.ActiveCfg = Debug|Win32
		{8F50DDCE-FF57-475A-BE63-67AF334255E0}.Debug|Win32.Build.0 = Debug|Win32
		{8F50DDCE-FF57-475A-BE63-67AF334255E0}.Release|Win32.ActiveCfg = Release|Win32
		{8F50DDCE-FF57-475A-BE63-67AF334255E0}.Release|Win32.Build.0 = Release|Win32
		{E7C22B2A-4A52-4C7A-8087-C2AFC561C1EB}.Debug_rel|Win32.ActiveCfg = Debug_rel|Win32
		{E7C22B2A-4A52-4C7A-8087-C2AFC561C1EB}.Debug_rel|Win32.Build.0 = Debug_rel|Win32
		{E7C22B2A-4A52-4C7A-8087-C2AFC561C1EB}.Debug|Win32.ActiveCfg = Debug|Win32
		{E7C22B2A-4A52-4C7A-8087-C2AFC561C1EB}.Debug|Win32.Build.0 = Debug|Win32
		{E7C22B2A-4A52-4C7A-8087-C2AFC561C1EB}.Release|Win32.ActiveCfg = Release|Win32
		{E7C22B2A-4A52-4C7A-8087-C2AFC561C1EB}.Release|Win32.Build.0 = Release|Win32
		{1E61C529-FEC4-4680-B2BE-8E29FC9DF496}.Debug_rel|Win32.ActiveCfg = Debug_rel|Win32
		{1E61C529-FEC4-4680-B2BE-8E29FC9DF496}.Debug_rel|Win32.Build.0 = Debug_rel|Win32
		{1E61C529-FEC4-4680-B2BE-8E29FC9DF496}.Debug|Win32.ActiveCfg = Debug|Win32
		{1E61C529-FEC4-4680-B2BE-8E29FC9DF496}.Debug|Win32.Build.0 = Debug|Win32
		{1E61C529-FEC4-4680-B2BE-8E29FC9DF496}.Release|Win32.ActiveCfg = Release|Win32
		{1E61C529-FEC4-4680-B2BE-8E29FC9DF496}.Release|Win32.Build.0 = Release|Win32
		{BA4D7F77-9968-4C99-8A83-2C1B68720A93}.Debug_rel|Win32.ActiveCfg = Debug_rel|Win32
		{BA4D7F77-9968-4C99-8A83-2C1B68720A93}.Debug_rel|Win32.Build.0 = Debug_rel|Win32
		{BA4D7F77-9968-4C99-8A83-2C1B68720A93}.Debug|Win32.ActiveCfg = Debug|Win32
		{BA4D7F77-9968-4C99-8A83-2C1B68720A93}.Debug|Win32.Build.0 = Debug|Win32
		{BA4D7F77-9968-4C99-8A83-2C1B68720A93}.Release|Win32.ActiveCfg = Release|Win32
		{BA4D7F77-9968-4C99-8A83-2C1B68720A93}.Release|Win32.Build.0 = Release|Win32
		{0E8C1152-D14C-4A78-B076-7F9C86568D15}.Debug_rel|Win32.ActiveCfg = Debug_rel|Win32
		{0E8C1152-D14C-4A78-B076-7F9C86568D15}.Debug_rel|Win32.Build.0 = Debug_rel|Win32
		{0E8C1152-D14C-4A78-B076-7F9C86568D15}.Debug|Win32.ActiveCfg = Debug|Win32
		{0E8C1152-D14C-4A78-B076-7F9C86568D15}.Debug|Win32.Build.0 = Debug|Win32
		{0E8C1152-D14C-4A78-B076-7F9C86568D15}.Release|Win32.ActiveCfg = Release|Win32
		{0E8C1152-D14C-4A78-B076-7F9C86568D15}.Release|Win32.Build.0 = Release|Win32
		{80AF7AEE-A9E3-4CD8-87D4-9B8A040A4EEC}.Debug_rel|Win32.ActiveCfg = Debug_rel|Win32
		{80AF7AEE-A9E3-4CD8-87D4-9B8A040A4EEC}.Debug_rel|Win32.Build.0 = Debug_rel|Win32
		{80AF7AEE-A9E3-4CD8-87D4-9B8A040A4EEC}.Debug|Win32.ActiveCfg = Debug|Win32
		{80AF7AEE-A9E3-4CD8-87D4-9B8A040A4EEC}.Debug|Win32.Build.0 = Debug|Win32
		{80AF7AEE-A9E3-4CD8-87D4-9B8A040A4EEC}.Release|Win32.ActiveCfg = Release|Win32
		{80AF7AEE-A9E3-4CD8-87D4-9B8A040A4EEC}.Release|Win32.Build.0 = Release|Win32
		{8FF0F511-0DA3-42B3-B2E2-24EB016C14F3}.Debug_rel|Win32.ActiveCfg = Debug_rel|Win32
		{8FF0F511-0DA3-42B3-B2E2-24EB016C14F3}.Debug_rel|Win32.Build.0 = Debug_rel|Win32
		{8FF0F511-0DA3-42B3-B2E2-24EB016C14F3}.Debug|Win32.ActiveCfg = Debug|Win32
		{8FF0F511-0DA3-42B3-B2E2-24EB016C14F3}.Debug|Win32.Build.0 = Debug|Win32
		{8FF0F511-0DA3-42B3-B2E2-24EB016C14F3}.Release|Win32.ActiveCfg = Release|Win32
		{8FF0F511-0DA3-42B3-B2E2-24EB016C14F3}.Release|Win32.Build.0 = Release|Win32
		{7BE29240-A5DB-4539-B53C-13C5B95BD04E}.Debug_rel|Win32.ActiveCfg = Debug_rel|Win32
		{7BE29240-A5DB-4539-B53C-13C5B95BD04E}.Debug_rel|Win32.Build.0 = Debug_rel|Win32
		{7BE29240-A5DB-4539-B53C-13C5B95BD04E}.Debug|Win32.ActiveCfg = Debug|Win32
		{7BE29240-A5DB-4539-B53C-13C5B95BD04E}.Debug|Win32.Build.0 = Debug|Win32
		{7BE29240-A5DB-4539-B53C-13C5B95BD04E}.Release|Win32.ActiveCfg = Release|Win32
		{7BE29240-A5DB-4539-B53C-13C5B95BD04E}.Release|Win32.Build.0 = Release|Win32
		{38679578-6B2C-4801-BD91-11BF34EC697B}.Debug_rel|Win32.ActiveCfg = Debug_rel|Win32
		{38679578-6B2C-4801-BD91-11BF34EC697B}.Debug_rel|Win32.Build.0 = Debug_rel|Win32
		{38679578-6B2C-4801-BD91-11BF34EC697B}.Debug|Win32.ActiveCfg = Debug|Win32
		{38679578-6B2C-4801-BD91-11BF34EC697B}.Debug|Win32.Build.0 = Debug|Win32
		{38679578-6B2C-4801-BD91-11BF34EC697B}.Release|Win32.ActiveCfg = Release|Win32
		{38679578-6B2C-4801-BD91-11BF34EC697B}.Release|Win32.Build.0 = Release|Win32
		{913295D0-E6F6-4805-A79D-9947C9A61427}.Debug_rel|Win32.ActiveCfg = Debug_rel|Win32
		{913295D0-E6F6-4805-A79D-9947C9A61427}.Debug_rel|Win32.Build.0 = Debug_rel|Win32
		{913295D0-E6F6-4805-A79D-9947C9A61427}.Debug|Win32.ActiveCfg = Debug|Win32
		{913295D0-E6F6-4805-A79D-9947C9A61427}.Debug|Win32.Build.0 = Debug|Win32
		{913295D0-E6F6-4805-A79D-9947C9A61427}.Release|Win32.ActiveCfg = Release|Win32
		{913295D0-E6F6-4805-A79D-9947C9A61427}.Release|Win32.Build.0 = Release|Win32
		{54A50DCA-62F7-4A8F-944F-43D894165BEB}.Debug_rel|Win32.ActiveCfg = Debug_rel|Win32
		{54A50DCA-62F7-4A8F-944F-43D894165BEB}.Debug_rel|Win32.Build.0 = Debug_rel|Win32
		{54A50DCA-62F7-4A8F-944F-43D894165BEB}.Debug|Win32.ActiveCfg = Debug|Win32
		{54A50DCA-62F7-4A8F-944F-43D894165BEB}.Debug|Win32.Build.0 = Debug|Win32
		{54A50DCA-62F7-4A8F-944F-43D894165BEB}.Release|Win32.ActiveCfg = Release|Win32
		{54A50DCA-62F7-4A8F-944F-43D894165BEB}.Release|Win32.Build.0 = Release|Win32
		{EA5E47DB-5F79-4C4B-89FE-DDCB64178087}.Debug_rel|Win32.ActiveCfg = Debug_rel|Win32
		{EA5E47DB-5F79-4C4B-89FE-DDCB64178087}.Debug_rel|Win32.Build.0 = Debug_rel|Win32
		{EA5E47DB-5F79-4C4B-89FE-DDCB64178087}.Debug|Win32.ActiveCfg = Debug|Win32
		{EA5E47DB-5F79-4C4B-89FE-DDCB64178087}.Debug|Win32.Build.0 = Debug|Win32
		{EA5E47DB-5F79-4C4B-89FE-DDCB64178087}.Release|Win32.ActiveCfg = Release|Win32
		{EA5E47DB-5F79-4C4B-89FE-DDCB64178087}.Release|Win32.Build.0 = Release|Win32
	EndGlobalSection
	GlobalSection(SolutionProperties) = preSolution
		HideSolutionNode = FALSE
	EndGlobalSection
EndGlobal
