
Microsoft Visual Studio Solution File, Format Version 12.00
# Visual Studio 2013
VisualStudioVersion = 12.0.31101.0
MinimumVisualStudioVersion = 10.0.40219.1
Project("{8BC9CEB8-8B4A-11D0-8D11-00A0C91BC942}") = "Sample_01", "Sample_01\Sample_01.vcxproj", "{C1D07CB7-99DF-484A-A97E-496ADD9CDEF1}"
EndProject
Project("{8BC9CEB8-8B4A-11D0-8D11-00A0C91BC942}") = "Sample_02", "Sample_02\Sample_02.vcxproj", "{155BFC5E-9A22-4DC4-9AB9-77F738E6D648}"
EndProject
Project("{8BC9CEB8-8B4A-11D0-8D11-00A0C91BC942}") = "Sample_03", "Sample_03\Sample_03.vcxproj", "{8F50DDCE-FF57-475A-BE63-67AF334255E0}"
EndProject
Project("{8BC9CEB8-8B4A-11D0-8D11-00A0C91BC942}") = "Sample_04", "Sample_04\Sample_04.vcxproj", "{E7C22B2A-4A52-4C7A-8087-C2AFC561C1EB}"
EndProject
Project("{8BC9CEB8-8B4A-11D0-8D11-00A0C91BC942}") = "PH_EngineMain", "PH_EngineMain\PH_EngineMain.vcxproj", "{1E61C529-FEC4-4680-B2BE-8E29FC9DF496}"
EndProject
Project("{8BC9CEB8-8B4A-11D0-8D11-00A0C91BC942}") = "PH_MapViewer", "PH_MapViewer\PH_MapViewer.vcxproj", "{80AF7AEE-A9E3-4CD8-87D4-9B8A040A4EEC}"
EndProject
Project("{8BC9CEB8-8B4A-11D0-8D11-00A0C91BC942}") = "UT_GameEngine", "UT_GameEngine\UT_GameEngine.vcxproj", "{8FF0F511-0DA3-42B3-B2E2-24EB016C14F3}"
EndProject
Project("{8BC9CEB8-8B4A-11D0-8D11-00A0C91BC942}") = "UT_EngineCore", "UT_EngineCore\UT_EngineCore.vcxproj", "{7BE29240-A5DB-4539-B53C-13C5B95BD04E}"
EndProject
Project("{8BC9CEB8-8B4A-11D0-8D11-00A0C91BC942}") = "Sample_05", "Sample_05\Sample_05.vcxproj", "{913295D0-E6F6-4805-A79D-9947C9A61427}"
EndProject
Project("{8BC9CEB8-8B4A-11D0-8D11-00A0C91BC942}") = "PH_Editor", "PH_Editor\PH_Editor.vcxproj", "{3668D9D0-A84F-4BCB-9D8E-BD9A8DA85C2A}"
EndProject
Project("{FAE04EC0-301F-11D3-BF4B-00C04F79EFBC}") = "SharpEditor", "..\..\tools\SharpEditor\SharpEditor.csproj", "{A9251BF1-6E58-4529-99D9-60DFE385499C}"
EndProject
Project("{8BC9CEB8-8B4A-11D0-8D11-00A0C91BC942}") = "PH_System", "PH_System\PH_System.vcxproj", "{49AD3E51-F626-4C97-B051-A9F40F6B3858}"
EndProject
Project("{8BC9CEB8-8B4A-11D0-8D11-00A0C91BC942}") = "PH_Register", "PH_Register\PH_Register.vcxproj", "{4FA1AEDB-6D65-4AB9-BB51-B58B7E9AC518}"
EndProject
Project("{8BC9CEB8-8B4A-11D0-8D11-00A0C91BC942}") = "UT_Register", "UT_Register\UT_Register.vcxproj", "{917BEE4A-1F41-44A5-BACA-DBE3426A1597}"
EndProject
Project("{8BC9CEB8-8B4A-11D0-8D11-00A0C91BC942}") = "PH_Base", "PH_Base\PH_Base.vcxproj", "{A50E0D40-836D-471E-9749-3448A4A4060C}"
EndProject
Project("{8BC9CEB8-8B4A-11D0-8D11-00A0C91BC942}") = "UT_BaseTest", "UT_BaseTest\UT_BaseTest.vcxproj", "{F93E36B8-D9E2-41A8-9034-56124E84EE16}"
EndProject
Project("{8BC9CEB8-8B4A-11D0-8D11-00A0C91BC942}") = "PH_Engine", "PH_Engine\PH_Engine.vcxproj", "{9EE707BE-65A5-4769-86C6-9E224ECED96C}"
EndProject
Project("{8BC9CEB8-8B4A-11D0-8D11-00A0C91BC942}") = "PH_OgreEngine", "PH_OgreEngine\PH_OgreEngine.vcxproj", "{1652ED80-C688-4CAB-B4E3-15A510C284B1}"
EndProject
Project("{8BC9CEB8-8B4A-11D0-8D11-00A0C91BC942}") = "PH_LibPlugin", "PH_LibPlugin\PH_LibPlugin.vcxproj", "{EF04E841-546F-4B39-90E8-E983FC8F8660}"
EndProject
Project("{8BC9CEB8-8B4A-11D0-8D11-00A0C91BC942}") = "PH_Game", "PH_Game\PH_Game.vcxproj", "{D3F292DA-2BC0-486C-9505-A2C4BB7CB486}"
EndProject
Project("{8BC9CEB8-8B4A-11D0-8D11-00A0C91BC942}") = "Sample_06", "Sample_06\Sample_06.vcxproj", "{70B9B932-1296-4D71-81CC-ADFD3C1C63EA}"
EndProject
Project("{8BC9CEB8-8B4A-11D0-8D11-00A0C91BC942}") = "Sample_07", "Sample_07\Sample_07.vcxproj", "{3A9678EA-F6E5-4783-8B8C-90C2FD299361}"
EndProject
Project("{2150E333-8FDC-42A3-9474-1A3956D46DE8}") = "Samples", "Samples", "{1A9FAEE3-7BAC-4EDE-A8BD-D5EF7917CB89}"
EndProject
Project("{2150E333-8FDC-42A3-9474-1A3956D46DE8}") = "UnitTesting", "UnitTesting", "{9081AF27-1A91-4FE4-A057-77C9CC3315B8}"
EndProject
Global
	GlobalSection(SolutionConfigurationPlatforms) = preSolution
		Debug_rel|Any CPU = Debug_rel|Any CPU
		Debug_rel|Mixed Platforms = Debug_rel|Mixed Platforms
		Debug_rel|Win32 = Debug_rel|Win32
		Debug_rel|x64 = Debug_rel|x64
		Debug|Any CPU = Debug|Any CPU
		Debug|Mixed Platforms = Debug|Mixed Platforms
		Debug|Win32 = Debug|Win32
		Debug|x64 = Debug|x64
		Release_NoSTDIO|Any CPU = Release_NoSTDIO|Any CPU
		Release_NoSTDIO|Mixed Platforms = Release_NoSTDIO|Mixed Platforms
		Release_NoSTDIO|Win32 = Release_NoSTDIO|Win32
		Release_NoSTDIO|x64 = Release_NoSTDIO|x64
		Release|Any CPU = Release|Any CPU
		Release|Mixed Platforms = Release|Mixed Platforms
		Release|Win32 = Release|Win32
		Release|x64 = Release|x64
	EndGlobalSection
	GlobalSection(ProjectConfigurationPlatforms) = postSolution
		{C1D07CB7-99DF-484A-A97E-496ADD9CDEF1}.Debug_rel|Any CPU.ActiveCfg = Debug_rel|Win32
		{C1D07CB7-99DF-484A-A97E-496ADD9CDEF1}.Debug_rel|Mixed Platforms.ActiveCfg = Debug_rel|Win32
		{C1D07CB7-99DF-484A-A97E-496ADD9CDEF1}.Debug_rel|Mixed Platforms.Build.0 = Debug_rel|Win32
		{C1D07CB7-99DF-484A-A97E-496ADD9CDEF1}.Debug_rel|Win32.ActiveCfg = Debug_rel|Win32
		{C1D07CB7-99DF-484A-A97E-496ADD9CDEF1}.Debug_rel|Win32.Build.0 = Debug_rel|Win32
		{C1D07CB7-99DF-484A-A97E-496ADD9CDEF1}.Debug_rel|x64.ActiveCfg = Debug_rel|Win32
		{C1D07CB7-99DF-484A-A97E-496ADD9CDEF1}.Debug|Any CPU.ActiveCfg = Debug|Win32
		{C1D07CB7-99DF-484A-A97E-496ADD9CDEF1}.Debug|Mixed Platforms.ActiveCfg = Debug|Win32
		{C1D07CB7-99DF-484A-A97E-496ADD9CDEF1}.Debug|Mixed Platforms.Build.0 = Debug|Win32
		{C1D07CB7-99DF-484A-A97E-496ADD9CDEF1}.Debug|Win32.ActiveCfg = Debug|Win32
		{C1D07CB7-99DF-484A-A97E-496ADD9CDEF1}.Debug|Win32.Build.0 = Debug|Win32
		{C1D07CB7-99DF-484A-A97E-496ADD9CDEF1}.Debug|x64.ActiveCfg = Debug|Win32
		{C1D07CB7-99DF-484A-A97E-496ADD9CDEF1}.Release_NoSTDIO|Any CPU.ActiveCfg = Release|Win32
		{C1D07CB7-99DF-484A-A97E-496ADD9CDEF1}.Release_NoSTDIO|Mixed Platforms.ActiveCfg = Release|Win32
		{C1D07CB7-99DF-484A-A97E-496ADD9CDEF1}.Release_NoSTDIO|Mixed Platforms.Build.0 = Release|Win32
		{C1D07CB7-99DF-484A-A97E-496ADD9CDEF1}.Release_NoSTDIO|Win32.ActiveCfg = Release|Win32
		{C1D07CB7-99DF-484A-A97E-496ADD9CDEF1}.Release_NoSTDIO|Win32.Build.0 = Release|Win32
		{C1D07CB7-99DF-484A-A97E-496ADD9CDEF1}.Release_NoSTDIO|x64.ActiveCfg = Release|Win32
		{C1D07CB7-99DF-484A-A97E-496ADD9CDEF1}.Release|Any CPU.ActiveCfg = Release|Win32
		{C1D07CB7-99DF-484A-A97E-496ADD9CDEF1}.Release|Mixed Platforms.ActiveCfg = Release|Win32
		{C1D07CB7-99DF-484A-A97E-496ADD9CDEF1}.Release|Mixed Platforms.Build.0 = Release|Win32
		{C1D07CB7-99DF-484A-A97E-496ADD9CDEF1}.Release|Win32.ActiveCfg = Release|Win32
		{C1D07CB7-99DF-484A-A97E-496ADD9CDEF1}.Release|Win32.Build.0 = Release|Win32
		{C1D07CB7-99DF-484A-A97E-496ADD9CDEF1}.Release|x64.ActiveCfg = Release|Win32
		{155BFC5E-9A22-4DC4-9AB9-77F738E6D648}.Debug_rel|Any CPU.ActiveCfg = Debug_rel|Win32
		{155BFC5E-9A22-4DC4-9AB9-77F738E6D648}.Debug_rel|Mixed Platforms.ActiveCfg = Debug_rel|Win32
		{155BFC5E-9A22-4DC4-9AB9-77F738E6D648}.Debug_rel|Mixed Platforms.Build.0 = Debug_rel|Win32
		{155BFC5E-9A22-4DC4-9AB9-77F738E6D648}.Debug_rel|Win32.ActiveCfg = Debug_rel|Win32
		{155BFC5E-9A22-4DC4-9AB9-77F738E6D648}.Debug_rel|Win32.Build.0 = Debug_rel|Win32
		{155BFC5E-9A22-4DC4-9AB9-77F738E6D648}.Debug_rel|x64.ActiveCfg = Debug_rel|Win32
		{155BFC5E-9A22-4DC4-9AB9-77F738E6D648}.Debug|Any CPU.ActiveCfg = Debug|Win32
		{155BFC5E-9A22-4DC4-9AB9-77F738E6D648}.Debug|Mixed Platforms.ActiveCfg = Debug|Win32
		{155BFC5E-9A22-4DC4-9AB9-77F738E6D648}.Debug|Mixed Platforms.Build.0 = Debug|Win32
		{155BFC5E-9A22-4DC4-9AB9-77F738E6D648}.Debug|Win32.ActiveCfg = Debug|Win32
		{155BFC5E-9A22-4DC4-9AB9-77F738E6D648}.Debug|Win32.Build.0 = Debug|Win32
		{155BFC5E-9A22-4DC4-9AB9-77F738E6D648}.Debug|x64.ActiveCfg = Debug|Win32
		{155BFC5E-9A22-4DC4-9AB9-77F738E6D648}.Release_NoSTDIO|Any CPU.ActiveCfg = Release|Win32
		{155BFC5E-9A22-4DC4-9AB9-77F738E6D648}.Release_NoSTDIO|Mixed Platforms.ActiveCfg = Release|Win32
		{155BFC5E-9A22-4DC4-9AB9-77F738E6D648}.Release_NoSTDIO|Mixed Platforms.Build.0 = Release|Win32
		{155BFC5E-9A22-4DC4-9AB9-77F738E6D648}.Release_NoSTDIO|Win32.ActiveCfg = Release|Win32
		{155BFC5E-9A22-4DC4-9AB9-77F738E6D648}.Release_NoSTDIO|Win32.Build.0 = Release|Win32
		{155BFC5E-9A22-4DC4-9AB9-77F738E6D648}.Release_NoSTDIO|x64.ActiveCfg = Release|Win32
		{155BFC5E-9A22-4DC4-9AB9-77F738E6D648}.Release|Any CPU.ActiveCfg = Release|Win32
		{155BFC5E-9A22-4DC4-9AB9-77F738E6D648}.Release|Mixed Platforms.ActiveCfg = Release|Win32
		{155BFC5E-9A22-4DC4-9AB9-77F738E6D648}.Release|Mixed Platforms.Build.0 = Release|Win32
		{155BFC5E-9A22-4DC4-9AB9-77F738E6D648}.Release|Win32.ActiveCfg = Release|Win32
		{155BFC5E-9A22-4DC4-9AB9-77F738E6D648}.Release|Win32.Build.0 = Release|Win32
		{155BFC5E-9A22-4DC4-9AB9-77F738E6D648}.Release|x64.ActiveCfg = Release|Win32
		{8F50DDCE-FF57-475A-BE63-67AF334255E0}.Debug_rel|Any CPU.ActiveCfg = Debug_rel|Win32
		{8F50DDCE-FF57-475A-BE63-67AF334255E0}.Debug_rel|Mixed Platforms.ActiveCfg = Debug_rel|Win32
		{8F50DDCE-FF57-475A-BE63-67AF334255E0}.Debug_rel|Mixed Platforms.Build.0 = Debug_rel|Win32
		{8F50DDCE-FF57-475A-BE63-67AF334255E0}.Debug_rel|Win32.ActiveCfg = Debug_rel|Win32
		{8F50DDCE-FF57-475A-BE63-67AF334255E0}.Debug_rel|Win32.Build.0 = Debug_rel|Win32
		{8F50DDCE-FF57-475A-BE63-67AF334255E0}.Debug_rel|x64.ActiveCfg = Debug_rel|Win32
		{8F50DDCE-FF57-475A-BE63-67AF334255E0}.Debug|Any CPU.ActiveCfg = Debug|Win32
		{8F50DDCE-FF57-475A-BE63-67AF334255E0}.Debug|Mixed Platforms.ActiveCfg = Debug|Win32
		{8F50DDCE-FF57-475A-BE63-67AF334255E0}.Debug|Mixed Platforms.Build.0 = Debug|Win32
		{8F50DDCE-FF57-475A-BE63-67AF334255E0}.Debug|Win32.ActiveCfg = Debug|Win32
		{8F50DDCE-FF57-475A-BE63-67AF334255E0}.Debug|Win32.Build.0 = Debug|Win32
		{8F50DDCE-FF57-475A-BE63-67AF334255E0}.Debug|x64.ActiveCfg = Debug|Win32
		{8F50DDCE-FF57-475A-BE63-67AF334255E0}.Release_NoSTDIO|Any CPU.ActiveCfg = Release|Win32
		{8F50DDCE-FF57-475A-BE63-67AF334255E0}.Release_NoSTDIO|Mixed Platforms.ActiveCfg = Release|Win32
		{8F50DDCE-FF57-475A-BE63-67AF334255E0}.Release_NoSTDIO|Mixed Platforms.Build.0 = Release|Win32
		{8F50DDCE-FF57-475A-BE63-67AF334255E0}.Release_NoSTDIO|Win32.ActiveCfg = Release|Win32
		{8F50DDCE-FF57-475A-BE63-67AF334255E0}.Release_NoSTDIO|Win32.Build.0 = Release|Win32
		{8F50DDCE-FF57-475A-BE63-67AF334255E0}.Release_NoSTDIO|x64.ActiveCfg = Release|Win32
		{8F50DDCE-FF57-475A-BE63-67AF334255E0}.Release|Any CPU.ActiveCfg = Release|Win32
		{8F50DDCE-FF57-475A-BE63-67AF334255E0}.Release|Mixed Platforms.ActiveCfg = Release|Win32
		{8F50DDCE-FF57-475A-BE63-67AF334255E0}.Release|Mixed Platforms.Build.0 = Release|Win32
		{8F50DDCE-FF57-475A-BE63-67AF334255E0}.Release|Win32.ActiveCfg = Release|Win32
		{8F50DDCE-FF57-475A-BE63-67AF334255E0}.Release|Win32.Build.0 = Release|Win32
		{8F50DDCE-FF57-475A-BE63-67AF334255E0}.Release|x64.ActiveCfg = Release|Win32
		{E7C22B2A-4A52-4C7A-8087-C2AFC561C1EB}.Debug_rel|Any CPU.ActiveCfg = Debug_rel|Win32
		{E7C22B2A-4A52-4C7A-8087-C2AFC561C1EB}.Debug_rel|Mixed Platforms.ActiveCfg = Debug_rel|Win32
		{E7C22B2A-4A52-4C7A-8087-C2AFC561C1EB}.Debug_rel|Mixed Platforms.Build.0 = Debug_rel|Win32
		{E7C22B2A-4A52-4C7A-8087-C2AFC561C1EB}.Debug_rel|Win32.ActiveCfg = Debug_rel|Win32
		{E7C22B2A-4A52-4C7A-8087-C2AFC561C1EB}.Debug_rel|Win32.Build.0 = Debug_rel|Win32
		{E7C22B2A-4A52-4C7A-8087-C2AFC561C1EB}.Debug_rel|x64.ActiveCfg = Debug_rel|Win32
		{E7C22B2A-4A52-4C7A-8087-C2AFC561C1EB}.Debug|Any CPU.ActiveCfg = Debug|Win32
		{E7C22B2A-4A52-4C7A-8087-C2AFC561C1EB}.Debug|Mixed Platforms.ActiveCfg = Debug|Win32
		{E7C22B2A-4A52-4C7A-8087-C2AFC561C1EB}.Debug|Mixed Platforms.Build.0 = Debug|Win32
		{E7C22B2A-4A52-4C7A-8087-C2AFC561C1EB}.Debug|Win32.ActiveCfg = Debug|Win32
		{E7C22B2A-4A52-4C7A-8087-C2AFC561C1EB}.Debug|Win32.Build.0 = Debug|Win32
		{E7C22B2A-4A52-4C7A-8087-C2AFC561C1EB}.Debug|x64.ActiveCfg = Debug|Win32
		{E7C22B2A-4A52-4C7A-8087-C2AFC561C1EB}.Release_NoSTDIO|Any CPU.ActiveCfg = Release|Win32
		{E7C22B2A-4A52-4C7A-8087-C2AFC561C1EB}.Release_NoSTDIO|Mixed Platforms.ActiveCfg = Release|Win32
		{E7C22B2A-4A52-4C7A-8087-C2AFC561C1EB}.Release_NoSTDIO|Mixed Platforms.Build.0 = Release|Win32
		{E7C22B2A-4A52-4C7A-8087-C2AFC561C1EB}.Release_NoSTDIO|Win32.ActiveCfg = Release|Win32
		{E7C22B2A-4A52-4C7A-8087-C2AFC561C1EB}.Release_NoSTDIO|Win32.Build.0 = Release|Win32
		{E7C22B2A-4A52-4C7A-8087-C2AFC561C1EB}.Release_NoSTDIO|x64.ActiveCfg = Release|Win32
		{E7C22B2A-4A52-4C7A-8087-C2AFC561C1EB}.Release|Any CPU.ActiveCfg = Release|Win32
		{E7C22B2A-4A52-4C7A-8087-C2AFC561C1EB}.Release|Mixed Platforms.ActiveCfg = Release|Win32
		{E7C22B2A-4A52-4C7A-8087-C2AFC561C1EB}.Release|Mixed Platforms.Build.0 = Release|Win32
		{E7C22B2A-4A52-4C7A-8087-C2AFC561C1EB}.Release|Win32.ActiveCfg = Release|Win32
		{E7C22B2A-4A52-4C7A-8087-C2AFC561C1EB}.Release|Win32.Build.0 = Release|Win32
		{E7C22B2A-4A52-4C7A-8087-C2AFC561C1EB}.Release|x64.ActiveCfg = Release|Win32
		{1E61C529-FEC4-4680-B2BE-8E29FC9DF496}.Debug_rel|Any CPU.ActiveCfg = Debug_rel|Win32
		{1E61C529-FEC4-4680-B2BE-8E29FC9DF496}.Debug_rel|Mixed Platforms.ActiveCfg = Debug_rel|Win32
		{1E61C529-FEC4-4680-B2BE-8E29FC9DF496}.Debug_rel|Mixed Platforms.Build.0 = Debug_rel|Win32
		{1E61C529-FEC4-4680-B2BE-8E29FC9DF496}.Debug_rel|Win32.ActiveCfg = Debug_rel|Win32
		{1E61C529-FEC4-4680-B2BE-8E29FC9DF496}.Debug_rel|Win32.Build.0 = Debug_rel|Win32
		{1E61C529-FEC4-4680-B2BE-8E29FC9DF496}.Debug_rel|x64.ActiveCfg = Debug_rel|Win32
		{1E61C529-FEC4-4680-B2BE-8E29FC9DF496}.Debug|Any CPU.ActiveCfg = Debug|Win32
		{1E61C529-FEC4-4680-B2BE-8E29FC9DF496}.Debug|Mixed Platforms.ActiveCfg = Debug|Win32
		{1E61C529-FEC4-4680-B2BE-8E29FC9DF496}.Debug|Mixed Platforms.Build.0 = Debug|Win32
		{1E61C529-FEC4-4680-B2BE-8E29FC9DF496}.Debug|Win32.ActiveCfg = Debug|Win32
		{1E61C529-FEC4-4680-B2BE-8E29FC9DF496}.Debug|Win32.Build.0 = Debug|Win32
		{1E61C529-FEC4-4680-B2BE-8E29FC9DF496}.Debug|x64.ActiveCfg = Debug|Win32
		{1E61C529-FEC4-4680-B2BE-8E29FC9DF496}.Release_NoSTDIO|Any CPU.ActiveCfg = Release|Win32
		{1E61C529-FEC4-4680-B2BE-8E29FC9DF496}.Release_NoSTDIO|Mixed Platforms.ActiveCfg = Release|Win32
		{1E61C529-FEC4-4680-B2BE-8E29FC9DF496}.Release_NoSTDIO|Mixed Platforms.Build.0 = Release|Win32
		{1E61C529-FEC4-4680-B2BE-8E29FC9DF496}.Release_NoSTDIO|Win32.ActiveCfg = Release|Win32
		{1E61C529-FEC4-4680-B2BE-8E29FC9DF496}.Release_NoSTDIO|Win32.Build.0 = Release|Win32
		{1E61C529-FEC4-4680-B2BE-8E29FC9DF496}.Release_NoSTDIO|x64.ActiveCfg = Release|Win32
		{1E61C529-FEC4-4680-B2BE-8E29FC9DF496}.Release|Any CPU.ActiveCfg = Release|Win32
		{1E61C529-FEC4-4680-B2BE-8E29FC9DF496}.Release|Mixed Platforms.ActiveCfg = Release|Win32
		{1E61C529-FEC4-4680-B2BE-8E29FC9DF496}.Release|Mixed Platforms.Build.0 = Release|Win32
		{1E61C529-FEC4-4680-B2BE-8E29FC9DF496}.Release|Win32.ActiveCfg = Release|Win32
		{1E61C529-FEC4-4680-B2BE-8E29FC9DF496}.Release|Win32.Build.0 = Release|Win32
		{1E61C529-FEC4-4680-B2BE-8E29FC9DF496}.Release|x64.ActiveCfg = Release|Win32
		{80AF7AEE-A9E3-4CD8-87D4-9B8A040A4EEC}.Debug_rel|Any CPU.ActiveCfg = Debug_rel|Win32
		{80AF7AEE-A9E3-4CD8-87D4-9B8A040A4EEC}.Debug_rel|Mixed Platforms.ActiveCfg = Debug_rel|Win32
		{80AF7AEE-A9E3-4CD8-87D4-9B8A040A4EEC}.Debug_rel|Mixed Platforms.Build.0 = Debug_rel|Win32
		{80AF7AEE-A9E3-4CD8-87D4-9B8A040A4EEC}.Debug_rel|Win32.ActiveCfg = Debug_rel|Win32
		{80AF7AEE-A9E3-4CD8-87D4-9B8A040A4EEC}.Debug_rel|Win32.Build.0 = Debug_rel|Win32
		{80AF7AEE-A9E3-4CD8-87D4-9B8A040A4EEC}.Debug_rel|x64.ActiveCfg = Debug_rel|Win32
		{80AF7AEE-A9E3-4CD8-87D4-9B8A040A4EEC}.Debug|Any CPU.ActiveCfg = Debug|Win32
		{80AF7AEE-A9E3-4CD8-87D4-9B8A040A4EEC}.Debug|Mixed Platforms.ActiveCfg = Debug|Win32
		{80AF7AEE-A9E3-4CD8-87D4-9B8A040A4EEC}.Debug|Mixed Platforms.Build.0 = Debug|Win32
		{80AF7AEE-A9E3-4CD8-87D4-9B8A040A4EEC}.Debug|Win32.ActiveCfg = Debug|Win32
		{80AF7AEE-A9E3-4CD8-87D4-9B8A040A4EEC}.Debug|Win32.Build.0 = Debug|Win32
		{80AF7AEE-A9E3-4CD8-87D4-9B8A040A4EEC}.Debug|x64.ActiveCfg = Debug|Win32
		{80AF7AEE-A9E3-4CD8-87D4-9B8A040A4EEC}.Release_NoSTDIO|Any CPU.ActiveCfg = Release|Win32
		{80AF7AEE-A9E3-4CD8-87D4-9B8A040A4EEC}.Release_NoSTDIO|Mixed Platforms.ActiveCfg = Release|Win32
		{80AF7AEE-A9E3-4CD8-87D4-9B8A040A4EEC}.Release_NoSTDIO|Mixed Platforms.Build.0 = Release|Win32
		{80AF7AEE-A9E3-4CD8-87D4-9B8A040A4EEC}.Release_NoSTDIO|Win32.ActiveCfg = Release|Win32
		{80AF7AEE-A9E3-4CD8-87D4-9B8A040A4EEC}.Release_NoSTDIO|Win32.Build.0 = Release|Win32
		{80AF7AEE-A9E3-4CD8-87D4-9B8A040A4EEC}.Release_NoSTDIO|x64.ActiveCfg = Release|Win32
		{80AF7AEE-A9E3-4CD8-87D4-9B8A040A4EEC}.Release|Any CPU.ActiveCfg = Release|Win32
		{80AF7AEE-A9E3-4CD8-87D4-9B8A040A4EEC}.Release|Mixed Platforms.ActiveCfg = Release|Win32
		{80AF7AEE-A9E3-4CD8-87D4-9B8A040A4EEC}.Release|Mixed Platforms.Build.0 = Release|Win32
		{80AF7AEE-A9E3-4CD8-87D4-9B8A040A4EEC}.Release|Win32.ActiveCfg = Release|Win32
		{80AF7AEE-A9E3-4CD8-87D4-9B8A040A4EEC}.Release|Win32.Build.0 = Release|Win32
		{80AF7AEE-A9E3-4CD8-87D4-9B8A040A4EEC}.Release|x64.ActiveCfg = Release|Win32
		{8FF0F511-0DA3-42B3-B2E2-24EB016C14F3}.Debug_rel|Any CPU.ActiveCfg = Debug_rel|Win32
		{8FF0F511-0DA3-42B3-B2E2-24EB016C14F3}.Debug_rel|Mixed Platforms.ActiveCfg = Debug_rel|Win32
		{8FF0F511-0DA3-42B3-B2E2-24EB016C14F3}.Debug_rel|Mixed Platforms.Build.0 = Debug_rel|Win32
		{8FF0F511-0DA3-42B3-B2E2-24EB016C14F3}.Debug_rel|Win32.ActiveCfg = Debug_rel|Win32
		{8FF0F511-0DA3-42B3-B2E2-24EB016C14F3}.Debug_rel|Win32.Build.0 = Debug_rel|Win32
		{8FF0F511-0DA3-42B3-B2E2-24EB016C14F3}.Debug_rel|x64.ActiveCfg = Debug_rel|Win32
		{8FF0F511-0DA3-42B3-B2E2-24EB016C14F3}.Debug|Any CPU.ActiveCfg = Debug|Win32
		{8FF0F511-0DA3-42B3-B2E2-24EB016C14F3}.Debug|Mixed Platforms.ActiveCfg = Debug|Win32
		{8FF0F511-0DA3-42B3-B2E2-24EB016C14F3}.Debug|Mixed Platforms.Build.0 = Debug|Win32
		{8FF0F511-0DA3-42B3-B2E2-24EB016C14F3}.Debug|Win32.ActiveCfg = Debug|Win32
		{8FF0F511-0DA3-42B3-B2E2-24EB016C14F3}.Debug|Win32.Build.0 = Debug|Win32
		{8FF0F511-0DA3-42B3-B2E2-24EB016C14F3}.Debug|x64.ActiveCfg = Debug|Win32
		{8FF0F511-0DA3-42B3-B2E2-24EB016C14F3}.Release_NoSTDIO|Any CPU.ActiveCfg = Release|Win32
		{8FF0F511-0DA3-42B3-B2E2-24EB016C14F3}.Release_NoSTDIO|Mixed Platforms.ActiveCfg = Release|Win32
		{8FF0F511-0DA3-42B3-B2E2-24EB016C14F3}.Release_NoSTDIO|Mixed Platforms.Build.0 = Release|Win32
		{8FF0F511-0DA3-42B3-B2E2-24EB016C14F3}.Release_NoSTDIO|Win32.ActiveCfg = Release|Win32
		{8FF0F511-0DA3-42B3-B2E2-24EB016C14F3}.Release_NoSTDIO|Win32.Build.0 = Release|Win32
		{8FF0F511-0DA3-42B3-B2E2-24EB016C14F3}.Release_NoSTDIO|x64.ActiveCfg = Release|Win32
		{8FF0F511-0DA3-42B3-B2E2-24EB016C14F3}.Release|Any CPU.ActiveCfg = Release|Win32
		{8FF0F511-0DA3-42B3-B2E2-24EB016C14F3}.Release|Mixed Platforms.ActiveCfg = Release|Win32
		{8FF0F511-0DA3-42B3-B2E2-24EB016C14F3}.Release|Mixed Platforms.Build.0 = Release|Win32
		{8FF0F511-0DA3-42B3-B2E2-24EB016C14F3}.Release|Win32.ActiveCfg = Release|Win32
		{8FF0F511-0DA3-42B3-B2E2-24EB016C14F3}.Release|Win32.Build.0 = Release|Win32
		{8FF0F511-0DA3-42B3-B2E2-24EB016C14F3}.Release|x64.ActiveCfg = Release|Win32
		{7BE29240-A5DB-4539-B53C-13C5B95BD04E}.Debug_rel|Any CPU.ActiveCfg = Debug_rel|Win32
		{7BE29240-A5DB-4539-B53C-13C5B95BD04E}.Debug_rel|Mixed Platforms.ActiveCfg = Debug_rel|Win32
		{7BE29240-A5DB-4539-B53C-13C5B95BD04E}.Debug_rel|Mixed Platforms.Build.0 = Debug_rel|Win32
		{7BE29240-A5DB-4539-B53C-13C5B95BD04E}.Debug_rel|Win32.ActiveCfg = Debug_rel|Win32
		{7BE29240-A5DB-4539-B53C-13C5B95BD04E}.Debug_rel|Win32.Build.0 = Debug_rel|Win32
		{7BE29240-A5DB-4539-B53C-13C5B95BD04E}.Debug_rel|x64.ActiveCfg = Debug_rel|Win32
		{7BE29240-A5DB-4539-B53C-13C5B95BD04E}.Debug|Any CPU.ActiveCfg = Debug|Win32
		{7BE29240-A5DB-4539-B53C-13C5B95BD04E}.Debug|Mixed Platforms.ActiveCfg = Debug|Win32
		{7BE29240-A5DB-4539-B53C-13C5B95BD04E}.Debug|Mixed Platforms.Build.0 = Debug|Win32
		{7BE29240-A5DB-4539-B53C-13C5B95BD04E}.Debug|Win32.ActiveCfg = Debug|Win32
		{7BE29240-A5DB-4539-B53C-13C5B95BD04E}.Debug|Win32.Build.0 = Debug|Win32
		{7BE29240-A5DB-4539-B53C-13C5B95BD04E}.Debug|x64.ActiveCfg = Debug|Win32
		{7BE29240-A5DB-4539-B53C-13C5B95BD04E}.Release_NoSTDIO|Any CPU.ActiveCfg = Release|Win32
		{7BE29240-A5DB-4539-B53C-13C5B95BD04E}.Release_NoSTDIO|Mixed Platforms.ActiveCfg = Release|Win32
		{7BE29240-A5DB-4539-B53C-13C5B95BD04E}.Release_NoSTDIO|Mixed Platforms.Build.0 = Release|Win32
		{7BE29240-A5DB-4539-B53C-13C5B95BD04E}.Release_NoSTDIO|Win32.ActiveCfg = Release|Win32
		{7BE29240-A5DB-4539-B53C-13C5B95BD04E}.Release_NoSTDIO|Win32.Build.0 = Release|Win32
		{7BE29240-A5DB-4539-B53C-13C5B95BD04E}.Release_NoSTDIO|x64.ActiveCfg = Release|Win32
		{7BE29240-A5DB-4539-B53C-13C5B95BD04E}.Release|Any CPU.ActiveCfg = Release|Win32
		{7BE29240-A5DB-4539-B53C-13C5B95BD04E}.Release|Mixed Platforms.ActiveCfg = Release|Win32
		{7BE29240-A5DB-4539-B53C-13C5B95BD04E}.Release|Mixed Platforms.Build.0 = Release|Win32
		{7BE29240-A5DB-4539-B53C-13C5B95BD04E}.Release|Win32.ActiveCfg = Release|Win32
		{7BE29240-A5DB-4539-B53C-13C5B95BD04E}.Release|Win32.Build.0 = Release|Win32
		{7BE29240-A5DB-4539-B53C-13C5B95BD04E}.Release|x64.ActiveCfg = Release|Win32
		{913295D0-E6F6-4805-A79D-9947C9A61427}.Debug_rel|Any CPU.ActiveCfg = Debug_rel|Win32
		{913295D0-E6F6-4805-A79D-9947C9A61427}.Debug_rel|Mixed Platforms.ActiveCfg = Debug_rel|Win32
		{913295D0-E6F6-4805-A79D-9947C9A61427}.Debug_rel|Mixed Platforms.Build.0 = Debug_rel|Win32
		{913295D0-E6F6-4805-A79D-9947C9A61427}.Debug_rel|Win32.ActiveCfg = Debug_rel|Win32
		{913295D0-E6F6-4805-A79D-9947C9A61427}.Debug_rel|Win32.Build.0 = Debug_rel|Win32
		{913295D0-E6F6-4805-A79D-9947C9A61427}.Debug_rel|x64.ActiveCfg = Debug_rel|Win32
		{913295D0-E6F6-4805-A79D-9947C9A61427}.Debug|Any CPU.ActiveCfg = Debug|Win32
		{913295D0-E6F6-4805-A79D-9947C9A61427}.Debug|Mixed Platforms.ActiveCfg = Debug|Win32
		{913295D0-E6F6-4805-A79D-9947C9A61427}.Debug|Mixed Platforms.Build.0 = Debug|Win32
		{913295D0-E6F6-4805-A79D-9947C9A61427}.Debug|Win32.ActiveCfg = Debug|Win32
		{913295D0-E6F6-4805-A79D-9947C9A61427}.Debug|Win32.Build.0 = Debug|Win32
		{913295D0-E6F6-4805-A79D-9947C9A61427}.Debug|x64.ActiveCfg = Debug|Win32
		{913295D0-E6F6-4805-A79D-9947C9A61427}.Release_NoSTDIO|Any CPU.ActiveCfg = Release|Win32
		{913295D0-E6F6-4805-A79D-9947C9A61427}.Release_NoSTDIO|Mixed Platforms.ActiveCfg = Release|Win32
		{913295D0-E6F6-4805-A79D-9947C9A61427}.Release_NoSTDIO|Mixed Platforms.Build.0 = Release|Win32
		{913295D0-E6F6-4805-A79D-9947C9A61427}.Release_NoSTDIO|Win32.ActiveCfg = Release|Win32
		{913295D0-E6F6-4805-A79D-9947C9A61427}.Release_NoSTDIO|Win32.Build.0 = Release|Win32
		{913295D0-E6F6-4805-A79D-9947C9A61427}.Release_NoSTDIO|x64.ActiveCfg = Release|Win32
		{913295D0-E6F6-4805-A79D-9947C9A61427}.Release|Any CPU.ActiveCfg = Release|Win32
		{913295D0-E6F6-4805-A79D-9947C9A61427}.Release|Mixed Platforms.ActiveCfg = Release|Win32
		{913295D0-E6F6-4805-A79D-9947C9A61427}.Release|Mixed Platforms.Build.0 = Release|Win32
		{913295D0-E6F6-4805-A79D-9947C9A61427}.Release|Win32.ActiveCfg = Release|Win32
		{913295D0-E6F6-4805-A79D-9947C9A61427}.Release|Win32.Build.0 = Release|Win32
		{913295D0-E6F6-4805-A79D-9947C9A61427}.Release|x64.ActiveCfg = Release|Win32
		{3668D9D0-A84F-4BCB-9D8E-BD9A8DA85C2A}.Debug_rel|Any CPU.ActiveCfg = Debug|Win32
		{3668D9D0-A84F-4BCB-9D8E-BD9A8DA85C2A}.Debug_rel|Mixed Platforms.ActiveCfg = Debug_rel|Win32
		{3668D9D0-A84F-4BCB-9D8E-BD9A8DA85C2A}.Debug_rel|Mixed Platforms.Build.0 = Debug_rel|Win32
		{3668D9D0-A84F-4BCB-9D8E-BD9A8DA85C2A}.Debug_rel|Win32.ActiveCfg = Debug|Win32
		{3668D9D0-A84F-4BCB-9D8E-BD9A8DA85C2A}.Debug_rel|Win32.Build.0 = Debug|Win32
		{3668D9D0-A84F-4BCB-9D8E-BD9A8DA85C2A}.Debug_rel|x64.ActiveCfg = Debug|Win32
		{3668D9D0-A84F-4BCB-9D8E-BD9A8DA85C2A}.Debug|Any CPU.ActiveCfg = Debug|Win32
		{3668D9D0-A84F-4BCB-9D8E-BD9A8DA85C2A}.Debug|Mixed Platforms.ActiveCfg = Debug|Win32
		{3668D9D0-A84F-4BCB-9D8E-BD9A8DA85C2A}.Debug|Mixed Platforms.Build.0 = Debug|Win32
		{3668D9D0-A84F-4BCB-9D8E-BD9A8DA85C2A}.Debug|Win32.ActiveCfg = Debug|Win32
		{3668D9D0-A84F-4BCB-9D8E-BD9A8DA85C2A}.Debug|Win32.Build.0 = Debug|Win32
		{3668D9D0-A84F-4BCB-9D8E-BD9A8DA85C2A}.Debug|x64.ActiveCfg = Debug|Win32
		{3668D9D0-A84F-4BCB-9D8E-BD9A8DA85C2A}.Release_NoSTDIO|Any CPU.ActiveCfg = Release|Win32
		{3668D9D0-A84F-4BCB-9D8E-BD9A8DA85C2A}.Release_NoSTDIO|Mixed Platforms.ActiveCfg = Release|Win32
		{3668D9D0-A84F-4BCB-9D8E-BD9A8DA85C2A}.Release_NoSTDIO|Mixed Platforms.Build.0 = Release|Win32
		{3668D9D0-A84F-4BCB-9D8E-BD9A8DA85C2A}.Release_NoSTDIO|Win32.ActiveCfg = Release|Win32
		{3668D9D0-A84F-4BCB-9D8E-BD9A8DA85C2A}.Release_NoSTDIO|Win32.Build.0 = Release|Win32
		{3668D9D0-A84F-4BCB-9D8E-BD9A8DA85C2A}.Release_NoSTDIO|x64.ActiveCfg = Release|Win32
		{3668D9D0-A84F-4BCB-9D8E-BD9A8DA85C2A}.Release|Any CPU.ActiveCfg = Release|Win32
		{3668D9D0-A84F-4BCB-9D8E-BD9A8DA85C2A}.Release|Mixed Platforms.ActiveCfg = Release|Win32
		{3668D9D0-A84F-4BCB-9D8E-BD9A8DA85C2A}.Release|Mixed Platforms.Build.0 = Release|Win32
		{3668D9D0-A84F-4BCB-9D8E-BD9A8DA85C2A}.Release|Win32.ActiveCfg = Release|Win32
		{3668D9D0-A84F-4BCB-9D8E-BD9A8DA85C2A}.Release|Win32.Build.0 = Release|Win32
		{3668D9D0-A84F-4BCB-9D8E-BD9A8DA85C2A}.Release|x64.ActiveCfg = Release|Win32
		{A9251BF1-6E58-4529-99D9-60DFE385499C}.Debug_rel|Any CPU.ActiveCfg = Debug|Any CPU
		{A9251BF1-6E58-4529-99D9-60DFE385499C}.Debug_rel|Any CPU.Build.0 = Debug|Any CPU
		{A9251BF1-6E58-4529-99D9-60DFE385499C}.Debug_rel|Mixed Platforms.ActiveCfg = Release|Any CPU
		{A9251BF1-6E58-4529-99D9-60DFE385499C}.Debug_rel|Mixed Platforms.Build.0 = Release|Any CPU
		{A9251BF1-6E58-4529-99D9-60DFE385499C}.Debug_rel|Win32.ActiveCfg = Debug|Any CPU
		{A9251BF1-6E58-4529-99D9-60DFE385499C}.Debug_rel|x64.ActiveCfg = Debug|Any CPU
		{A9251BF1-6E58-4529-99D9-60DFE385499C}.Debug|Any CPU.ActiveCfg = Debug|Any CPU
		{A9251BF1-6E58-4529-99D9-60DFE385499C}.Debug|Any CPU.Build.0 = Debug|Any CPU
		{A9251BF1-6E58-4529-99D9-60DFE385499C}.Debug|Mixed Platforms.ActiveCfg = Debug|Any CPU
		{A9251BF1-6E58-4529-99D9-60DFE385499C}.Debug|Mixed Platforms.Build.0 = Debug|Any CPU
		{A9251BF1-6E58-4529-99D9-60DFE385499C}.Debug|Win32.ActiveCfg = Debug|Any CPU
		{A9251BF1-6E58-4529-99D9-60DFE385499C}.Debug|x64.ActiveCfg = Debug|Any CPU
		{A9251BF1-6E58-4529-99D9-60DFE385499C}.Release_NoSTDIO|Any CPU.ActiveCfg = Release|Any CPU
		{A9251BF1-6E58-4529-99D9-60DFE385499C}.Release_NoSTDIO|Any CPU.Build.0 = Release|Any CPU
		{A9251BF1-6E58-4529-99D9-60DFE385499C}.Release_NoSTDIO|Mixed Platforms.ActiveCfg = Release|Any CPU
		{A9251BF1-6E58-4529-99D9-60DFE385499C}.Release_NoSTDIO|Mixed Platforms.Build.0 = Release|Any CPU
		{A9251BF1-6E58-4529-99D9-60DFE385499C}.Release_NoSTDIO|Win32.ActiveCfg = Release|Any CPU
		{A9251BF1-6E58-4529-99D9-60DFE385499C}.Release_NoSTDIO|x64.ActiveCfg = Release|Any CPU
		{A9251BF1-6E58-4529-99D9-60DFE385499C}.Release|Any CPU.ActiveCfg = Release|Any CPU
		{A9251BF1-6E58-4529-99D9-60DFE385499C}.Release|Any CPU.Build.0 = Release|Any CPU
		{A9251BF1-6E58-4529-99D9-60DFE385499C}.Release|Mixed Platforms.ActiveCfg = Release|Any CPU
		{A9251BF1-6E58-4529-99D9-60DFE385499C}.Release|Mixed Platforms.Build.0 = Release|Any CPU
		{A9251BF1-6E58-4529-99D9-60DFE385499C}.Release|Win32.ActiveCfg = Release|Any CPU
		{A9251BF1-6E58-4529-99D9-60DFE385499C}.Release|x64.ActiveCfg = Release|Any CPU
		{49AD3E51-F626-4C97-B051-A9F40F6B3858}.Debug_rel|Any CPU.ActiveCfg = Debug|Win32
		{49AD3E51-F626-4C97-B051-A9F40F6B3858}.Debug_rel|Mixed Platforms.ActiveCfg = Debug_rel|Win32
		{49AD3E51-F626-4C97-B051-A9F40F6B3858}.Debug_rel|Mixed Platforms.Build.0 = Debug_rel|Win32
		{49AD3E51-F626-4C97-B051-A9F40F6B3858}.Debug_rel|Win32.ActiveCfg = Debug|Win32
		{49AD3E51-F626-4C97-B051-A9F40F6B3858}.Debug_rel|Win32.Build.0 = Debug|Win32
		{49AD3E51-F626-4C97-B051-A9F40F6B3858}.Debug_rel|x64.ActiveCfg = Debug|Win32
		{49AD3E51-F626-4C97-B051-A9F40F6B3858}.Debug|Any CPU.ActiveCfg = Debug|Win32
		{49AD3E51-F626-4C97-B051-A9F40F6B3858}.Debug|Mixed Platforms.ActiveCfg = Debug|Win32
		{49AD3E51-F626-4C97-B051-A9F40F6B3858}.Debug|Mixed Platforms.Build.0 = Debug|Win32
		{49AD3E51-F626-4C97-B051-A9F40F6B3858}.Debug|Win32.ActiveCfg = Debug|Win32
		{49AD3E51-F626-4C97-B051-A9F40F6B3858}.Debug|Win32.Build.0 = Debug|Win32
		{49AD3E51-F626-4C97-B051-A9F40F6B3858}.Debug|x64.ActiveCfg = Debug|Win32
		{49AD3E51-F626-4C97-B051-A9F40F6B3858}.Release_NoSTDIO|Any CPU.ActiveCfg = Release|Win32
		{49AD3E51-F626-4C97-B051-A9F40F6B3858}.Release_NoSTDIO|Mixed Platforms.ActiveCfg = Release|Win32
		{49AD3E51-F626-4C97-B051-A9F40F6B3858}.Release_NoSTDIO|Mixed Platforms.Build.0 = Release|Win32
		{49AD3E51-F626-4C97-B051-A9F40F6B3858}.Release_NoSTDIO|Win32.ActiveCfg = Release|Win32
		{49AD3E51-F626-4C97-B051-A9F40F6B3858}.Release_NoSTDIO|Win32.Build.0 = Release|Win32
		{49AD3E51-F626-4C97-B051-A9F40F6B3858}.Release_NoSTDIO|x64.ActiveCfg = Release|Win32
		{49AD3E51-F626-4C97-B051-A9F40F6B3858}.Release|Any CPU.ActiveCfg = Release|Win32
		{49AD3E51-F626-4C97-B051-A9F40F6B3858}.Release|Mixed Platforms.ActiveCfg = Release|Win32
		{49AD3E51-F626-4C97-B051-A9F40F6B3858}.Release|Mixed Platforms.Build.0 = Release|Win32
		{49AD3E51-F626-4C97-B051-A9F40F6B3858}.Release|Win32.ActiveCfg = Release|Win32
		{49AD3E51-F626-4C97-B051-A9F40F6B3858}.Release|Win32.Build.0 = Release|Win32
		{49AD3E51-F626-4C97-B051-A9F40F6B3858}.Release|x64.ActiveCfg = Release|Win32
		{4FA1AEDB-6D65-4AB9-BB51-B58B7E9AC518}.Debug_rel|Any CPU.ActiveCfg = Debug|Win32
		{4FA1AEDB-6D65-4AB9-BB51-B58B7E9AC518}.Debug_rel|Mixed Platforms.ActiveCfg = Debug_rel|Win32
		{4FA1AEDB-6D65-4AB9-BB51-B58B7E9AC518}.Debug_rel|Mixed Platforms.Build.0 = Debug_rel|Win32
		{4FA1AEDB-6D65-4AB9-BB51-B58B7E9AC518}.Debug_rel|Win32.ActiveCfg = Debug|Win32
		{4FA1AEDB-6D65-4AB9-BB51-B58B7E9AC518}.Debug_rel|Win32.Build.0 = Debug|Win32
		{4FA1AEDB-6D65-4AB9-BB51-B58B7E9AC518}.Debug_rel|x64.ActiveCfg = Debug|Win32
		{4FA1AEDB-6D65-4AB9-BB51-B58B7E9AC518}.Debug|Any CPU.ActiveCfg = Debug|Win32
		{4FA1AEDB-6D65-4AB9-BB51-B58B7E9AC518}.Debug|Mixed Platforms.ActiveCfg = Debug|Win32
		{4FA1AEDB-6D65-4AB9-BB51-B58B7E9AC518}.Debug|Mixed Platforms.Build.0 = Debug|Win32
		{4FA1AEDB-6D65-4AB9-BB51-B58B7E9AC518}.Debug|Win32.ActiveCfg = Debug|Win32
		{4FA1AEDB-6D65-4AB9-BB51-B58B7E9AC518}.Debug|Win32.Build.0 = Debug|Win32
		{4FA1AEDB-6D65-4AB9-BB51-B58B7E9AC518}.Debug|x64.ActiveCfg = Debug|Win32
		{4FA1AEDB-6D65-4AB9-BB51-B58B7E9AC518}.Release_NoSTDIO|Any CPU.ActiveCfg = Release|Win32
		{4FA1AEDB-6D65-4AB9-BB51-B58B7E9AC518}.Release_NoSTDIO|Mixed Platforms.ActiveCfg = Release|Win32
		{4FA1AEDB-6D65-4AB9-BB51-B58B7E9AC518}.Release_NoSTDIO|Mixed Platforms.Build.0 = Release|Win32
		{4FA1AEDB-6D65-4AB9-BB51-B58B7E9AC518}.Release_NoSTDIO|Win32.ActiveCfg = Release|Win32
		{4FA1AEDB-6D65-4AB9-BB51-B58B7E9AC518}.Release_NoSTDIO|Win32.Build.0 = Release|Win32
		{4FA1AEDB-6D65-4AB9-BB51-B58B7E9AC518}.Release_NoSTDIO|x64.ActiveCfg = Release|Win32
		{4FA1AEDB-6D65-4AB9-BB51-B58B7E9AC518}.Release|Any CPU.ActiveCfg = Release|Win32
		{4FA1AEDB-6D65-4AB9-BB51-B58B7E9AC518}.Release|Mixed Platforms.ActiveCfg = Release|Win32
		{4FA1AEDB-6D65-4AB9-BB51-B58B7E9AC518}.Release|Mixed Platforms.Build.0 = Release|Win32
		{4FA1AEDB-6D65-4AB9-BB51-B58B7E9AC518}.Release|Win32.ActiveCfg = Release|Win32
		{4FA1AEDB-6D65-4AB9-BB51-B58B7E9AC518}.Release|Win32.Build.0 = Release|Win32
		{4FA1AEDB-6D65-4AB9-BB51-B58B7E9AC518}.Release|x64.ActiveCfg = Release|Win32
		{917BEE4A-1F41-44A5-BACA-DBE3426A1597}.Debug_rel|Any CPU.ActiveCfg = Debug|Win32
		{917BEE4A-1F41-44A5-BACA-DBE3426A1597}.Debug_rel|Mixed Platforms.ActiveCfg = Debug_rel|Win32
		{917BEE4A-1F41-44A5-BACA-DBE3426A1597}.Debug_rel|Mixed Platforms.Build.0 = Debug_rel|Win32
		{917BEE4A-1F41-44A5-BACA-DBE3426A1597}.Debug_rel|Win32.ActiveCfg = Debug|Win32
		{917BEE4A-1F41-44A5-BACA-DBE3426A1597}.Debug_rel|Win32.Build.0 = Debug|Win32
		{917BEE4A-1F41-44A5-BACA-DBE3426A1597}.Debug_rel|x64.ActiveCfg = Debug|Win32
		{917BEE4A-1F41-44A5-BACA-DBE3426A1597}.Debug|Any CPU.ActiveCfg = Debug|Win32
		{917BEE4A-1F41-44A5-BACA-DBE3426A1597}.Debug|Mixed Platforms.ActiveCfg = Debug|Win32
		{917BEE4A-1F41-44A5-BACA-DBE3426A1597}.Debug|Mixed Platforms.Build.0 = Debug|Win32
		{917BEE4A-1F41-44A5-BACA-DBE3426A1597}.Debug|Win32.ActiveCfg = Debug|Win32
		{917BEE4A-1F41-44A5-BACA-DBE3426A1597}.Debug|Win32.Build.0 = Debug|Win32
		{917BEE4A-1F41-44A5-BACA-DBE3426A1597}.Debug|x64.ActiveCfg = Debug|Win32
		{917BEE4A-1F41-44A5-BACA-DBE3426A1597}.Release_NoSTDIO|Any CPU.ActiveCfg = Release|Win32
		{917BEE4A-1F41-44A5-BACA-DBE3426A1597}.Release_NoSTDIO|Mixed Platforms.ActiveCfg = Release|Win32
		{917BEE4A-1F41-44A5-BACA-DBE3426A1597}.Release_NoSTDIO|Mixed Platforms.Build.0 = Release|Win32
		{917BEE4A-1F41-44A5-BACA-DBE3426A1597}.Release_NoSTDIO|Win32.ActiveCfg = Release|Win32
		{917BEE4A-1F41-44A5-BACA-DBE3426A1597}.Release_NoSTDIO|Win32.Build.0 = Release|Win32
		{917BEE4A-1F41-44A5-BACA-DBE3426A1597}.Release_NoSTDIO|x64.ActiveCfg = Release|Win32
		{917BEE4A-1F41-44A5-BACA-DBE3426A1597}.Release|Any CPU.ActiveCfg = Release|Win32
		{917BEE4A-1F41-44A5-BACA-DBE3426A1597}.Release|Mixed Platforms.ActiveCfg = Release|Win32
		{917BEE4A-1F41-44A5-BACA-DBE3426A1597}.Release|Mixed Platforms.Build.0 = Release|Win32
		{917BEE4A-1F41-44A5-BACA-DBE3426A1597}.Release|Win32.ActiveCfg = Release|Win32
		{917BEE4A-1F41-44A5-BACA-DBE3426A1597}.Release|Win32.Build.0 = Release|Win32
		{917BEE4A-1F41-44A5-BACA-DBE3426A1597}.Release|x64.ActiveCfg = Release|Win32
		{A50E0D40-836D-471E-9749-3448A4A4060C}.Debug_rel|Any CPU.ActiveCfg = Debug|Win32
		{A50E0D40-836D-471E-9749-3448A4A4060C}.Debug_rel|Mixed Platforms.ActiveCfg = Debug_rel|Win32
		{A50E0D40-836D-471E-9749-3448A4A4060C}.Debug_rel|Mixed Platforms.Build.0 = Debug_rel|Win32
		{A50E0D40-836D-471E-9749-3448A4A4060C}.Debug_rel|Win32.ActiveCfg = Debug|Win32
		{A50E0D40-836D-471E-9749-3448A4A4060C}.Debug_rel|Win32.Build.0 = Debug|Win32
		{A50E0D40-836D-471E-9749-3448A4A4060C}.Debug_rel|x64.ActiveCfg = Debug|Win32
		{A50E0D40-836D-471E-9749-3448A4A4060C}.Debug|Any CPU.ActiveCfg = Debug|Win32
		{A50E0D40-836D-471E-9749-3448A4A4060C}.Debug|Mixed Platforms.ActiveCfg = Debug|Win32
		{A50E0D40-836D-471E-9749-3448A4A4060C}.Debug|Mixed Platforms.Build.0 = Debug|Win32
		{A50E0D40-836D-471E-9749-3448A4A4060C}.Debug|Win32.ActiveCfg = Debug|Win32
		{A50E0D40-836D-471E-9749-3448A4A4060C}.Debug|Win32.Build.0 = Debug|Win32
		{A50E0D40-836D-471E-9749-3448A4A4060C}.Debug|x64.ActiveCfg = Debug|Win32
		{A50E0D40-836D-471E-9749-3448A4A4060C}.Release_NoSTDIO|Any CPU.ActiveCfg = Release|Win32
		{A50E0D40-836D-471E-9749-3448A4A4060C}.Release_NoSTDIO|Mixed Platforms.ActiveCfg = Release|Win32
		{A50E0D40-836D-471E-9749-3448A4A4060C}.Release_NoSTDIO|Mixed Platforms.Build.0 = Release|Win32
		{A50E0D40-836D-471E-9749-3448A4A4060C}.Release_NoSTDIO|Win32.ActiveCfg = Release|Win32
		{A50E0D40-836D-471E-9749-3448A4A4060C}.Release_NoSTDIO|Win32.Build.0 = Release|Win32
		{A50E0D40-836D-471E-9749-3448A4A4060C}.Release_NoSTDIO|x64.ActiveCfg = Release|Win32
		{A50E0D40-836D-471E-9749-3448A4A4060C}.Release|Any CPU.ActiveCfg = Release|Win32
		{A50E0D40-836D-471E-9749-3448A4A4060C}.Release|Mixed Platforms.ActiveCfg = Release|Win32
		{A50E0D40-836D-471E-9749-3448A4A4060C}.Release|Mixed Platforms.Build.0 = Release|Win32
		{A50E0D40-836D-471E-9749-3448A4A4060C}.Release|Win32.ActiveCfg = Release|Win32
		{A50E0D40-836D-471E-9749-3448A4A4060C}.Release|Win32.Build.0 = Release|Win32
		{A50E0D40-836D-471E-9749-3448A4A4060C}.Release|x64.ActiveCfg = Release|Win32
		{F93E36B8-D9E2-41A8-9034-56124E84EE16}.Debug_rel|Any CPU.ActiveCfg = Debug|Win32
		{F93E36B8-D9E2-41A8-9034-56124E84EE16}.Debug_rel|Mixed Platforms.ActiveCfg = Debug_rel|Win32
		{F93E36B8-D9E2-41A8-9034-56124E84EE16}.Debug_rel|Mixed Platforms.Build.0 = Debug_rel|Win32
		{F93E36B8-D9E2-41A8-9034-56124E84EE16}.Debug_rel|Win32.ActiveCfg = Debug|Win32
		{F93E36B8-D9E2-41A8-9034-56124E84EE16}.Debug_rel|Win32.Build.0 = Debug|Win32
		{F93E36B8-D9E2-41A8-9034-56124E84EE16}.Debug_rel|x64.ActiveCfg = Debug|Win32
		{F93E36B8-D9E2-41A8-9034-56124E84EE16}.Debug|Any CPU.ActiveCfg = Debug|Win32
		{F93E36B8-D9E2-41A8-9034-56124E84EE16}.Debug|Mixed Platforms.ActiveCfg = Debug|Win32
		{F93E36B8-D9E2-41A8-9034-56124E84EE16}.Debug|Mixed Platforms.Build.0 = Debug|Win32
		{F93E36B8-D9E2-41A8-9034-56124E84EE16}.Debug|Win32.ActiveCfg = Debug|Win32
		{F93E36B8-D9E2-41A8-9034-56124E84EE16}.Debug|Win32.Build.0 = Debug|Win32
		{F93E36B8-D9E2-41A8-9034-56124E84EE16}.Debug|x64.ActiveCfg = Debug|Win32
		{F93E36B8-D9E2-41A8-9034-56124E84EE16}.Release_NoSTDIO|Any CPU.ActiveCfg = Release|Win32
		{F93E36B8-D9E2-41A8-9034-56124E84EE16}.Release_NoSTDIO|Mixed Platforms.ActiveCfg = Release|Win32
		{F93E36B8-D9E2-41A8-9034-56124E84EE16}.Release_NoSTDIO|Mixed Platforms.Build.0 = Release|Win32
		{F93E36B8-D9E2-41A8-9034-56124E84EE16}.Release_NoSTDIO|Win32.ActiveCfg = Release|Win32
		{F93E36B8-D9E2-41A8-9034-56124E84EE16}.Release_NoSTDIO|Win32.Build.0 = Release|Win32
		{F93E36B8-D9E2-41A8-9034-56124E84EE16}.Release_NoSTDIO|x64.ActiveCfg = Release|Win32
		{F93E36B8-D9E2-41A8-9034-56124E84EE16}.Release|Any CPU.ActiveCfg = Release|Win32
		{F93E36B8-D9E2-41A8-9034-56124E84EE16}.Release|Mixed Platforms.ActiveCfg = Release|Win32
		{F93E36B8-D9E2-41A8-9034-56124E84EE16}.Release|Mixed Platforms.Build.0 = Release|Win32
		{F93E36B8-D9E2-41A8-9034-56124E84EE16}.Release|Win32.ActiveCfg = Release|Win32
		{F93E36B8-D9E2-41A8-9034-56124E84EE16}.Release|Win32.Build.0 = Release|Win32
		{F93E36B8-D9E2-41A8-9034-56124E84EE16}.Release|x64.ActiveCfg = Release|Win32
		{9EE707BE-65A5-4769-86C6-9E224ECED96C}.Debug_rel|Any CPU.ActiveCfg = Debug|Win32
		{9EE707BE-65A5-4769-86C6-9E224ECED96C}.Debug_rel|Mixed Platforms.ActiveCfg = Debug_rel|Win32
		{9EE707BE-65A5-4769-86C6-9E224ECED96C}.Debug_rel|Mixed Platforms.Build.0 = Debug_rel|Win32
		{9EE707BE-65A5-4769-86C6-9E224ECED96C}.Debug_rel|Win32.ActiveCfg = Debug|Win32
		{9EE707BE-65A5-4769-86C6-9E224ECED96C}.Debug_rel|Win32.Build.0 = Debug|Win32
		{9EE707BE-65A5-4769-86C6-9E224ECED96C}.Debug_rel|x64.ActiveCfg = Debug|Win32
		{9EE707BE-65A5-4769-86C6-9E224ECED96C}.Debug|Any CPU.ActiveCfg = Debug|Win32
		{9EE707BE-65A5-4769-86C6-9E224ECED96C}.Debug|Mixed Platforms.ActiveCfg = Debug|Win32
		{9EE707BE-65A5-4769-86C6-9E224ECED96C}.Debug|Mixed Platforms.Build.0 = Debug|Win32
		{9EE707BE-65A5-4769-86C6-9E224ECED96C}.Debug|Win32.ActiveCfg = Debug|Win32
		{9EE707BE-65A5-4769-86C6-9E224ECED96C}.Debug|Win32.Build.0 = Debug|Win32
		{9EE707BE-65A5-4769-86C6-9E224ECED96C}.Debug|x64.ActiveCfg = Debug|Win32
		{9EE707BE-65A5-4769-86C6-9E224ECED96C}.Release_NoSTDIO|Any CPU.ActiveCfg = Release|Win32
		{9EE707BE-65A5-4769-86C6-9E224ECED96C}.Release_NoSTDIO|Mixed Platforms.ActiveCfg = Release|Win32
		{9EE707BE-65A5-4769-86C6-9E224ECED96C}.Release_NoSTDIO|Mixed Platforms.Build.0 = Release|Win32
		{9EE707BE-65A5-4769-86C6-9E224ECED96C}.Release_NoSTDIO|Win32.ActiveCfg = Release|Win32
		{9EE707BE-65A5-4769-86C6-9E224ECED96C}.Release_NoSTDIO|Win32.Build.0 = Release|Win32
		{9EE707BE-65A5-4769-86C6-9E224ECED96C}.Release_NoSTDIO|x64.ActiveCfg = Release|Win32
		{9EE707BE-65A5-4769-86C6-9E224ECED96C}.Release|Any CPU.ActiveCfg = Release|Win32
		{9EE707BE-65A5-4769-86C6-9E224ECED96C}.Release|Mixed Platforms.ActiveCfg = Release|Win32
		{9EE707BE-65A5-4769-86C6-9E224ECED96C}.Release|Mixed Platforms.Build.0 = Release|Win32
		{9EE707BE-65A5-4769-86C6-9E224ECED96C}.Release|Win32.ActiveCfg = Release|Win32
		{9EE707BE-65A5-4769-86C6-9E224ECED96C}.Release|Win32.Build.0 = Release|Win32
		{9EE707BE-65A5-4769-86C6-9E224ECED96C}.Release|x64.ActiveCfg = Release|Win32
		{1652ED80-C688-4CAB-B4E3-15A510C284B1}.Debug_rel|Any CPU.ActiveCfg = Debug|Win32
		{1652ED80-C688-4CAB-B4E3-15A510C284B1}.Debug_rel|Mixed Platforms.ActiveCfg = Debug_rel|Win32
		{1652ED80-C688-4CAB-B4E3-15A510C284B1}.Debug_rel|Mixed Platforms.Build.0 = Debug_rel|Win32
		{1652ED80-C688-4CAB-B4E3-15A510C284B1}.Debug_rel|Win32.ActiveCfg = Debug|Win32
		{1652ED80-C688-4CAB-B4E3-15A510C284B1}.Debug_rel|Win32.Build.0 = Debug|Win32
		{1652ED80-C688-4CAB-B4E3-15A510C284B1}.Debug_rel|x64.ActiveCfg = Debug|Win32
		{1652ED80-C688-4CAB-B4E3-15A510C284B1}.Debug|Any CPU.ActiveCfg = Debug|Win32
		{1652ED80-C688-4CAB-B4E3-15A510C284B1}.Debug|Mixed Platforms.ActiveCfg = Debug|Win32
		{1652ED80-C688-4CAB-B4E3-15A510C284B1}.Debug|Mixed Platforms.Build.0 = Debug|Win32
		{1652ED80-C688-4CAB-B4E3-15A510C284B1}.Debug|Win32.ActiveCfg = Debug|Win32
		{1652ED80-C688-4CAB-B4E3-15A510C284B1}.Debug|Win32.Build.0 = Debug|Win32
		{1652ED80-C688-4CAB-B4E3-15A510C284B1}.Debug|x64.ActiveCfg = Debug|Win32
		{1652ED80-C688-4CAB-B4E3-15A510C284B1}.Release_NoSTDIO|Any CPU.ActiveCfg = Release|Win32
		{1652ED80-C688-4CAB-B4E3-15A510C284B1}.Release_NoSTDIO|Mixed Platforms.ActiveCfg = Release|Win32
		{1652ED80-C688-4CAB-B4E3-15A510C284B1}.Release_NoSTDIO|Mixed Platforms.Build.0 = Release|Win32
		{1652ED80-C688-4CAB-B4E3-15A510C284B1}.Release_NoSTDIO|Win32.ActiveCfg = Release|Win32
		{1652ED80-C688-4CAB-B4E3-15A510C284B1}.Release_NoSTDIO|Win32.Build.0 = Release|Win32
		{1652ED80-C688-4CAB-B4E3-15A510C284B1}.Release_NoSTDIO|x64.ActiveCfg = Release|Win32
		{1652ED80-C688-4CAB-B4E3-15A510C284B1}.Release|Any CPU.ActiveCfg = Release|Win32
		{1652ED80-C688-4CAB-B4E3-15A510C284B1}.Release|Mixed Platforms.ActiveCfg = Release|Win32
		{1652ED80-C688-4CAB-B4E3-15A510C284B1}.Release|Mixed Platforms.Build.0 = Release|Win32
		{1652ED80-C688-4CAB-B4E3-15A510C284B1}.Release|Win32.ActiveCfg = Release|Win32
		{1652ED80-C688-4CAB-B4E3-15A510C284B1}.Release|Win32.Build.0 = Release|Win32
		{1652ED80-C688-4CAB-B4E3-15A510C284B1}.Release|x64.ActiveCfg = Release|Win32
		{EF04E841-546F-4B39-90E8-E983FC8F8660}.Debug_rel|Any CPU.ActiveCfg = Debug|Win32
		{EF04E841-546F-4B39-90E8-E983FC8F8660}.Debug_rel|Mixed Platforms.ActiveCfg = Debug_rel|Win32
		{EF04E841-546F-4B39-90E8-E983FC8F8660}.Debug_rel|Mixed Platforms.Build.0 = Debug_rel|Win32
		{EF04E841-546F-4B39-90E8-E983FC8F8660}.Debug_rel|Win32.ActiveCfg = Debug|Win32
		{EF04E841-546F-4B39-90E8-E983FC8F8660}.Debug_rel|Win32.Build.0 = Debug|Win32
		{EF04E841-546F-4B39-90E8-E983FC8F8660}.Debug_rel|x64.ActiveCfg = Debug|Win32
		{EF04E841-546F-4B39-90E8-E983FC8F8660}.Debug|Any CPU.ActiveCfg = Debug|Win32
		{EF04E841-546F-4B39-90E8-E983FC8F8660}.Debug|Mixed Platforms.ActiveCfg = Debug|Win32
		{EF04E841-546F-4B39-90E8-E983FC8F8660}.Debug|Mixed Platforms.Build.0 = Debug|Win32
		{EF04E841-546F-4B39-90E8-E983FC8F8660}.Debug|Win32.ActiveCfg = Debug|Win32
		{EF04E841-546F-4B39-90E8-E983FC8F8660}.Debug|Win32.Build.0 = Debug|Win32
		{EF04E841-546F-4B39-90E8-E983FC8F8660}.Debug|x64.ActiveCfg = Debug|Win32
		{EF04E841-546F-4B39-90E8-E983FC8F8660}.Release_NoSTDIO|Any CPU.ActiveCfg = Release|Win32
		{EF04E841-546F-4B39-90E8-E983FC8F8660}.Release_NoSTDIO|Mixed Platforms.ActiveCfg = Release|Win32
		{EF04E841-546F-4B39-90E8-E983FC8F8660}.Release_NoSTDIO|Mixed Platforms.Build.0 = Release|Win32
		{EF04E841-546F-4B39-90E8-E983FC8F8660}.Release_NoSTDIO|Win32.ActiveCfg = Release|Win32
		{EF04E841-546F-4B39-90E8-E983FC8F8660}.Release_NoSTDIO|Win32.Build.0 = Release|Win32
		{EF04E841-546F-4B39-90E8-E983FC8F8660}.Release_NoSTDIO|x64.ActiveCfg = Release|Win32
		{EF04E841-546F-4B39-90E8-E983FC8F8660}.Release|Any CPU.ActiveCfg = Release|Win32
		{EF04E841-546F-4B39-90E8-E983FC8F8660}.Release|Mixed Platforms.ActiveCfg = Release|Win32
		{EF04E841-546F-4B39-90E8-E983FC8F8660}.Release|Mixed Platforms.Build.0 = Release|Win32
		{EF04E841-546F-4B39-90E8-E983FC8F8660}.Release|Win32.ActiveCfg = Release|Win32
		{EF04E841-546F-4B39-90E8-E983FC8F8660}.Release|Win32.Build.0 = Release|Win32
		{EF04E841-546F-4B39-90E8-E983FC8F8660}.Release|x64.ActiveCfg = Release|Win32
		{D3F292DA-2BC0-486C-9505-A2C4BB7CB486}.Debug_rel|Any CPU.ActiveCfg = Debug|Win32
		{D3F292DA-2BC0-486C-9505-A2C4BB7CB486}.Debug_rel|Mixed Platforms.ActiveCfg = Debug_rel|Win32
		{D3F292DA-2BC0-486C-9505-A2C4BB7CB486}.Debug_rel|Mixed Platforms.Build.0 = Debug_rel|Win32
		{D3F292DA-2BC0-486C-9505-A2C4BB7CB486}.Debug_rel|Win32.ActiveCfg = Debug|Win32
		{D3F292DA-2BC0-486C-9505-A2C4BB7CB486}.Debug_rel|Win32.Build.0 = Debug|Win32
		{D3F292DA-2BC0-486C-9505-A2C4BB7CB486}.Debug_rel|x64.ActiveCfg = Debug|Win32
		{D3F292DA-2BC0-486C-9505-A2C4BB7CB486}.Debug|Any CPU.ActiveCfg = Debug|Win32
		{D3F292DA-2BC0-486C-9505-A2C4BB7CB486}.Debug|Mixed Platforms.ActiveCfg = Debug|Win32
		{D3F292DA-2BC0-486C-9505-A2C4BB7CB486}.Debug|Mixed Platforms.Build.0 = Debug|Win32
		{D3F292DA-2BC0-486C-9505-A2C4BB7CB486}.Debug|Win32.ActiveCfg = Debug|Win32
		{D3F292DA-2BC0-486C-9505-A2C4BB7CB486}.Debug|Win32.Build.0 = Debug|Win32
		{D3F292DA-2BC0-486C-9505-A2C4BB7CB486}.Debug|x64.ActiveCfg = Debug|Win32
		{D3F292DA-2BC0-486C-9505-A2C4BB7CB486}.Release_NoSTDIO|Any CPU.ActiveCfg = Release|Win32
		{D3F292DA-2BC0-486C-9505-A2C4BB7CB486}.Release_NoSTDIO|Mixed Platforms.ActiveCfg = Release|Win32
		{D3F292DA-2BC0-486C-9505-A2C4BB7CB486}.Release_NoSTDIO|Mixed Platforms.Build.0 = Release|Win32
		{D3F292DA-2BC0-486C-9505-A2C4BB7CB486}.Release_NoSTDIO|Win32.ActiveCfg = Release|Win32
		{D3F292DA-2BC0-486C-9505-A2C4BB7CB486}.Release_NoSTDIO|Win32.Build.0 = Release|Win32
		{D3F292DA-2BC0-486C-9505-A2C4BB7CB486}.Release_NoSTDIO|x64.ActiveCfg = Release|Win32
		{D3F292DA-2BC0-486C-9505-A2C4BB7CB486}.Release|Any CPU.ActiveCfg = Release|Win32
		{D3F292DA-2BC0-486C-9505-A2C4BB7CB486}.Release|Mixed Platforms.ActiveCfg = Release|Win32
		{D3F292DA-2BC0-486C-9505-A2C4BB7CB486}.Release|Mixed Platforms.Build.0 = Release|Win32
		{D3F292DA-2BC0-486C-9505-A2C4BB7CB486}.Release|Win32.ActiveCfg = Release|Win32
		{D3F292DA-2BC0-486C-9505-A2C4BB7CB486}.Release|Win32.Build.0 = Release|Win32
		{D3F292DA-2BC0-486C-9505-A2C4BB7CB486}.Release|x64.ActiveCfg = Release|Win32
		{70B9B932-1296-4D71-81CC-ADFD3C1C63EA}.Debug_rel|Any CPU.ActiveCfg = Debug|Win32
		{70B9B932-1296-4D71-81CC-ADFD3C1C63EA}.Debug_rel|Mixed Platforms.ActiveCfg = Debug|Win32
		{70B9B932-1296-4D71-81CC-ADFD3C1C63EA}.Debug_rel|Mixed Platforms.Build.0 = Debug|Win32
		{70B9B932-1296-4D71-81CC-ADFD3C1C63EA}.Debug_rel|Win32.ActiveCfg = Debug|Win32
		{70B9B932-1296-4D71-81CC-ADFD3C1C63EA}.Debug_rel|Win32.Build.0 = Debug|Win32
		{70B9B932-1296-4D71-81CC-ADFD3C1C63EA}.Debug_rel|x64.ActiveCfg = Debug|Win32
		{70B9B932-1296-4D71-81CC-ADFD3C1C63EA}.Debug|Any CPU.ActiveCfg = Debug|Win32
		{70B9B932-1296-4D71-81CC-ADFD3C1C63EA}.Debug|Mixed Platforms.ActiveCfg = Debug|Win32
		{70B9B932-1296-4D71-81CC-ADFD3C1C63EA}.Debug|Mixed Platforms.Build.0 = Debug|Win32
		{70B9B932-1296-4D71-81CC-ADFD3C1C63EA}.Debug|Win32.ActiveCfg = Debug|Win32
		{70B9B932-1296-4D71-81CC-ADFD3C1C63EA}.Debug|Win32.Build.0 = Debug|Win32
		{70B9B932-1296-4D71-81CC-ADFD3C1C63EA}.Debug|x64.ActiveCfg = Debug|Win32
		{70B9B932-1296-4D71-81CC-ADFD3C1C63EA}.Release_NoSTDIO|Any CPU.ActiveCfg = Release|Win32
		{70B9B932-1296-4D71-81CC-ADFD3C1C63EA}.Release_NoSTDIO|Mixed Platforms.ActiveCfg = Release|Win32
		{70B9B932-1296-4D71-81CC-ADFD3C1C63EA}.Release_NoSTDIO|Mixed Platforms.Build.0 = Release|Win32
		{70B9B932-1296-4D71-81CC-ADFD3C1C63EA}.Release_NoSTDIO|Win32.ActiveCfg = Release|Win32
		{70B9B932-1296-4D71-81CC-ADFD3C1C63EA}.Release_NoSTDIO|Win32.Build.0 = Release|Win32
		{70B9B932-1296-4D71-81CC-ADFD3C1C63EA}.Release_NoSTDIO|x64.ActiveCfg = Release|Win32
		{70B9B932-1296-4D71-81CC-ADFD3C1C63EA}.Release|Any CPU.ActiveCfg = Release|Win32
		{70B9B932-1296-4D71-81CC-ADFD3C1C63EA}.Release|Mixed Platforms.ActiveCfg = Release|Win32
		{70B9B932-1296-4D71-81CC-ADFD3C1C63EA}.Release|Mixed Platforms.Build.0 = Release|Win32
		{70B9B932-1296-4D71-81CC-ADFD3C1C63EA}.Release|Win32.ActiveCfg = Release|Win32
		{70B9B932-1296-4D71-81CC-ADFD3C1C63EA}.Release|Win32.Build.0 = Release|Win32
		{70B9B932-1296-4D71-81CC-ADFD3C1C63EA}.Release|x64.ActiveCfg = Release|Win32
		{3A9678EA-F6E5-4783-8B8C-90C2FD299361}.Debug_rel|Any CPU.ActiveCfg = Debug|Win32
		{3A9678EA-F6E5-4783-8B8C-90C2FD299361}.Debug_rel|Mixed Platforms.ActiveCfg = Debug|Win32
		{3A9678EA-F6E5-4783-8B8C-90C2FD299361}.Debug_rel|Mixed Platforms.Build.0 = Debug|Win32
		{3A9678EA-F6E5-4783-8B8C-90C2FD299361}.Debug_rel|Win32.ActiveCfg = Debug|Win32
		{3A9678EA-F6E5-4783-8B8C-90C2FD299361}.Debug_rel|Win32.Build.0 = Debug|Win32
		{3A9678EA-F6E5-4783-8B8C-90C2FD299361}.Debug_rel|x64.ActiveCfg = Debug|Win32
		{3A9678EA-F6E5-4783-8B8C-90C2FD299361}.Debug|Any CPU.ActiveCfg = Debug|Win32
		{3A9678EA-F6E5-4783-8B8C-90C2FD299361}.Debug|Mixed Platforms.ActiveCfg = Debug|Win32
		{3A9678EA-F6E5-4783-8B8C-90C2FD299361}.Debug|Mixed Platforms.Build.0 = Debug|Win32
		{3A9678EA-F6E5-4783-8B8C-90C2FD299361}.Debug|Win32.ActiveCfg = Debug|Win32
		{3A9678EA-F6E5-4783-8B8C-90C2FD299361}.Debug|Win32.Build.0 = Debug|Win32
		{3A9678EA-F6E5-4783-8B8C-90C2FD299361}.Debug|x64.ActiveCfg = Debug|Win32
		{3A9678EA-F6E5-4783-8B8C-90C2FD299361}.Release_NoSTDIO|Any CPU.ActiveCfg = Release|Win32
		{3A9678EA-F6E5-4783-8B8C-90C2FD299361}.Release_NoSTDIO|Mixed Platforms.ActiveCfg = Release|Win32
		{3A9678EA-F6E5-4783-8B8C-90C2FD299361}.Release_NoSTDIO|Mixed Platforms.Build.0 = Release|Win32
		{3A9678EA-F6E5-4783-8B8C-90C2FD299361}.Release_NoSTDIO|Win32.ActiveCfg = Release|Win32
		{3A9678EA-F6E5-4783-8B8C-90C2FD299361}.Release_NoSTDIO|Win32.Build.0 = Release|Win32
		{3A9678EA-F6E5-4783-8B8C-90C2FD299361}.Release_NoSTDIO|x64.ActiveCfg = Release|Win32
		{3A9678EA-F6E5-4783-8B8C-90C2FD299361}.Release|Any CPU.ActiveCfg = Release|Win32
		{3A9678EA-F6E5-4783-8B8C-90C2FD299361}.Release|Mixed Platforms.ActiveCfg = Release|Win32
		{3A9678EA-F6E5-4783-8B8C-90C2FD299361}.Release|Mixed Platforms.Build.0 = Release|Win32
		{3A9678EA-F6E5-4783-8B8C-90C2FD299361}.Release|Win32.ActiveCfg = Release|Win32
		{3A9678EA-F6E5-4783-8B8C-90C2FD299361}.Release|Win32.Build.0 = Release|Win32
		{3A9678EA-F6E5-4783-8B8C-90C2FD299361}.Release|x64.ActiveCfg = Release|Win32
	EndGlobalSection
	GlobalSection(SolutionProperties) = preSolution
		HideSolutionNode = FALSE
	EndGlobalSection
	GlobalSection(NestedProjects) = preSolution
		{C1D07CB7-99DF-484A-A97E-496ADD9CDEF1} = {1A9FAEE3-7BAC-4EDE-A8BD-D5EF7917CB89}
		{155BFC5E-9A22-4DC4-9AB9-77F738E6D648} = {1A9FAEE3-7BAC-4EDE-A8BD-D5EF7917CB89}
		{8F50DDCE-FF57-475A-BE63-67AF334255E0} = {1A9FAEE3-7BAC-4EDE-A8BD-D5EF7917CB89}
		{E7C22B2A-4A52-4C7A-8087-C2AFC561C1EB} = {1A9FAEE3-7BAC-4EDE-A8BD-D5EF7917CB89}
		{8FF0F511-0DA3-42B3-B2E2-24EB016C14F3} = {9081AF27-1A91-4FE4-A057-77C9CC3315B8}
		{7BE29240-A5DB-4539-B53C-13C5B95BD04E} = {9081AF27-1A91-4FE4-A057-77C9CC3315B8}
		{913295D0-E6F6-4805-A79D-9947C9A61427} = {1A9FAEE3-7BAC-4EDE-A8BD-D5EF7917CB89}
		{917BEE4A-1F41-44A5-BACA-DBE3426A1597} = {9081AF27-1A91-4FE4-A057-77C9CC3315B8}
		{F93E36B8-D9E2-41A8-9034-56124E84EE16} = {9081AF27-1A91-4FE4-A057-77C9CC3315B8}
		{70B9B932-1296-4D71-81CC-ADFD3C1C63EA} = {1A9FAEE3-7BAC-4EDE-A8BD-D5EF7917CB89}
		{3A9678EA-F6E5-4783-8B8C-90C2FD299361} = {1A9FAEE3-7BAC-4EDE-A8BD-D5EF7917CB89}
	EndGlobalSection
EndGlobal
