<?xml version="1.0" encoding="utf-8"?>
<Project ToolsVersion="4.0" xmlns="http://schemas.microsoft.com/developer/msbuild/2003">
  <ItemGroup>
    <ClCompile Include="..\..\..\src\engineCore\PH_Core.cpp">
      <Filter>core</Filter>
    </ClCompile>
    <ClCompile Include="..\..\..\src\engineCore\PH_CoreModule.cpp">
      <Filter>core</Filter>
    </ClCompile>
    <ClCompile Include="..\..\..\src\engineCore\PH_Render.cpp" />
    <ClCompile Include="..\..\..\src\engineCore\PH_BootModule.cpp" />
    <ClCompile Include="..\..\..\src\engineCore\PH_OgreUtils.cpp" />
    <ClCompile Include="..\..\..\src\engineCore\PH_Console.cpp" />
    <ClCompile Include="..\..\..\src\engineCore\PH_EventManagerModule.cpp" />
  </ItemGroup>
  <ItemGroup>
    <ClInclude Include="..\..\..\include\engineCore\PH_EngineCoreAPI.h" />
    <ClInclude Include="..\..\..\include\engineCore\PH_CoreTimer.h">
      <Filter>core</Filter>
    </ClInclude>
    <ClInclude Include="..\..\..\include\engineCore\PH_Core.h">
      <Filter>core</Filter>
    </ClInclude>
    <ClInclude Include="..\..\..\include\engineCore\PH_CoreModule.h">
      <Filter>core</Filter>
    </ClInclude>
    <ClInclude Include="..\..\..\include\engineCore\PH_CoreModuleFwd.h">
      <Filter>core</Filter>
    </ClInclude>
    <ClInclude Include="..\..\..\include\engineCore\PH_Render.h" />
    <ClInclude Include="..\..\..\include\engineCore\PH_BootModule.h" />
    <ClInclude Include="..\..\..\include\engineCore\PH_OgreUtils.h" />
    <ClInclude Include="..\..\..\include\engineCore\PH_Console.h" />
    <ClInclude Include="..\..\..\include\engineCore\PH_EventManagerModule.h" />
  </ItemGroup>
  <ItemGroup>
    <Filter Include="core">
      <UniqueIdentifier>{dee95bc3-eaaf-4771-be2f-855b15dda37e}</UniqueIdentifier>
    </Filter>
  </ItemGroup>
</Project>